// !$*UTF8*$!
{
	archiveVersion = 1;
	classes = {
	};
	objectVersion = 55;
	objects = {

/* Begin PBXBuildFile section */
		02B7F823D1215A368C23E33B /* CreatePwViewController.swift in Sources */ = {isa = PBXBuildFile; fileRef = 67A0B8B1234048F443AE7B99 /* CreatePwViewController.swift */; };
		0340C91C2259FB5C2DC28209 /* RxFlow in Frameworks */ = {isa = PBXBuildFile; productRef = 9AE731B5115163D71F930804 /* RxFlow */; };
		04DE32C746A197AEB7877C3D /* LaunchScreen.storyboard in Resources */ = {isa = PBXBuildFile; fileRef = 8324D0DB7103DB159732C0D7 /* LaunchScreen.storyboard */; };
		0C9BF42F57A3EE38E51F1DDD /* ProfileCollectionCell.swift in Sources */ = {isa = PBXBuildFile; fileRef = 200F75688B95613F7DADEFB4 /* ProfileCollectionCell.swift */; };
		0DD3ED676F1E577282D6025C /* SelectThemeCell.swift in Sources */ = {isa = PBXBuildFile; fileRef = AE936B3692DEFC9879F6AF4E /* SelectThemeCell.swift */; };
		12D12D45A29ACEC07E085197 /* MainFlow.swift in Sources */ = {isa = PBXBuildFile; fileRef = B1FDE16182F588DC05C7FCBB /* MainFlow.swift */; };
		1C4177A7E549AA8BE5E40864 /* ViewAnimator in Frameworks */ = {isa = PBXBuildFile; productRef = A55F0EF0AE24D58962844ED8 /* ViewAnimator */; };
		27A338BB3CF1030276044663 /* BaseViewController.swift in Sources */ = {isa = PBXBuildFile; fileRef = D23B51E639CC25049DDD8D2B /* BaseViewController.swift */; };
		293B6D49E612FBF54B2307E2 /* ThemeViewController.swift in Sources */ = {isa = PBXBuildFile; fileRef = 4E661F6FA15FF35E308446CA /* ThemeViewController.swift */; };
		2C5156E3B26678AC5F309A46 /* SeletThemeViewController.swift in Sources */ = {isa = PBXBuildFile; fileRef = CA7CED1CE719F0A1BBA88613 /* SeletThemeViewController.swift */; };
		2E592C2094EDCD847E834EBB /* TabBarFlow.swift in Sources */ = {isa = PBXBuildFile; fileRef = 691765455429189503736CAB /* TabBarFlow.swift */; };
		2EED616CF9380AEBA12344ED /* Gifu in Frameworks */ = {isa = PBXBuildFile; productRef = 7B980D196817B225807FC212 /* Gifu */; };
		2EF442DF5B139338AD219525 /* HomeReactor.swift in Sources */ = {isa = PBXBuildFile; fileRef = B6361B004F07CF8F69E4C7C7 /* HomeReactor.swift */; };
		3426BDC2163BC6E99CAE3526 /* CheckEmailReactor.swift in Sources */ = {isa = PBXBuildFile; fileRef = EB518431739AEC9970A41ED5 /* CheckEmailReactor.swift */; };
		34D51E36ED2395B84B77136E /* CreateNicknameReactor.swift in Sources */ = {isa = PBXBuildFile; fileRef = 97C573414B9B2E3046BC588D /* CreateNicknameReactor.swift */; };
		3EDCA5167A36C5242796029F /* Button.swift in Sources */ = {isa = PBXBuildFile; fileRef = D14AA882651C9DC5E022246A /* Button.swift */; };
		437B7836981595C35A73B1EB /* ForgotPasswordViewController.swift in Sources */ = {isa = PBXBuildFile; fileRef = F7C6610AEA7E2679E4F15AC7 /* ForgotPasswordViewController.swift */; };
		458D173786CA86E9809E5301 /* DPOTPView in Frameworks */ = {isa = PBXBuildFile; productRef = C7591A3CDDC1B7C10E1645F1 /* DPOTPView */; };
		46DDB073E2AD4E6AB74CE282 /* CarouselView.swift in Sources */ = {isa = PBXBuildFile; fileRef = 08545AD2F29EFA16514FE963 /* CarouselView.swift */; };
		4A6BC1D80EB9D1514254CEC5 /* Moya in Frameworks */ = {isa = PBXBuildFile; productRef = 7B0E7E4FD34A5E2006417002 /* Moya */; };
		4BCE8D0B8C9D760E1A32DAC6 /* Then in Frameworks */ = {isa = PBXBuildFile; productRef = 0EE2BFB6B1FFC4DD59F77760 /* Then */; };
		51C543B22AD9756D0E2BBF2E /* SceneDelegate.swift in Sources */ = {isa = PBXBuildFile; fileRef = 7BDF702CDE698C974C9FB69D /* SceneDelegate.swift */; };
		5A896939B42541F731A4E59A /* DailyCalender.swift in Sources */ = {isa = PBXBuildFile; fileRef = D6C84EB7ED670B27E5CFFA42 /* DailyCalender.swift */; };
		5FA433FEC42766B66F8B947C /* DailyTabBar.swift in Sources */ = {isa = PBXBuildFile; fileRef = 01EC2A7997365D527651AD00 /* DailyTabBar.swift */; };
		62C1971703D6233991204E44 /* HomeViewController.swift in Sources */ = {isa = PBXBuildFile; fileRef = 54F3517475D7D5BAE4F93FEF /* HomeViewController.swift */; };
		687D364044989AFA73626E77 /* BaseURL.swift in Sources */ = {isa = PBXBuildFile; fileRef = A7FCC0B9AC77F3B3797D6C85 /* BaseURL.swift */; };
		6B865D0DB37E8EE056205520 /* ChangePasswordReactor.swift in Sources */ = {isa = PBXBuildFile; fileRef = 973BE73C2EDFC4F1917CA16D /* ChangePasswordReactor.swift */; };
		6F8713F7FB3B0578B51D52C1 /* DailyTextField.swift in Sources */ = {isa = PBXBuildFile; fileRef = B3491208521B3E8169C06E05 /* DailyTextField.swift */; };
		7451C0F96296471111388C84 /* DailyButton.swift in Sources */ = {isa = PBXBuildFile; fileRef = AC92D733B6F0C19ADB5719DD /* DailyButton.swift */; };
		769381BCDCEC7B1BC3813E41 /* SignInRequest.swift in Sources */ = {isa = PBXBuildFile; fileRef = 2ECCC8AB41484A93E0A9BF2C /* SignInRequest.swift */; };
		770B75C653CDD09B55534979 /* ThemeFlow.swift in Sources */ = {isa = PBXBuildFile; fileRef = DB6B509E8AFB8AE641211797 /* ThemeFlow.swift */; };
		803DECD4BF43A9F4C8008A10 /* BaseViewModel.swift in Sources */ = {isa = PBXBuildFile; fileRef = 2E6DB005517E31D0576CCB85 /* BaseViewModel.swift */; };
		842BFE42EBAEB7F3037589D1 /* LoginFlow.swift in Sources */ = {isa = PBXBuildFile; fileRef = 8DE7F77A01A54D5BEB82D939 /* LoginFlow.swift */; };
		86764DA942978ED2346927BA /* SignInModel.swift in Sources */ = {isa = PBXBuildFile; fileRef = 2BCC34C4F3BF76344CCDCCEC /* SignInModel.swift */; };
		880F9DF6CE09FF752DAE740C /* DailyShadow.swift in Sources */ = {isa = PBXBuildFile; fileRef = 27C87EB4CF2AA3FD5E5A699E /* DailyShadow.swift */; };
		8B3B0743AEF5FD670479E7EA /* CreateNicknameViewController.swift in Sources */ = {isa = PBXBuildFile; fileRef = A28BC2712AF06495FE52A16B /* CreateNicknameViewController.swift */; };
		8C77FD650CE1F6F136A40F76 /* ReactorKit in Frameworks */ = {isa = PBXBuildFile; productRef = FD998E7EB432C259C47421AB /* ReactorKit */; };
		96827CE45E2C86812E1D8F0E /* CreateEmailViewController.swift in Sources */ = {isa = PBXBuildFile; fileRef = 51D176C607BD1A38F8E2606C /* CreateEmailViewController.swift */; };
		989F8E60271907C3692AB6F6 /* AppFlow.swift in Sources */ = {isa = PBXBuildFile; fileRef = 85477FFC6164F75CBA4021DB /* AppFlow.swift */; };
		990384752EBDCCB097651F21 /* CreatePwReactor.swift in Sources */ = {isa = PBXBuildFile; fileRef = 32C0ED410F5E3C2C63325A09 /* CreatePwReactor.swift */; };
		A237C7D722D7CC4A0F6A2280 /* CheckEmailViewController.swift in Sources */ = {isa = PBXBuildFile; fileRef = F3BE45DE2C956392C8B00A43 /* CheckEmailViewController.swift */; };
		A3B731C69E708C663A022F31 /* TextField.swift in Sources */ = {isa = PBXBuildFile; fileRef = 872463D65AD4F870179A8AA7 /* TextField.swift */; };
		A5C23E64BB0EF53D774A68F2 /* RxSwift in Frameworks */ = {isa = PBXBuildFile; productRef = 255BCA0FD915A2805B951C2A /* RxSwift */; };
		A724FB31F26D80030ADA7A57 /* AppDelegate.swift in Sources */ = {isa = PBXBuildFile; fileRef = 3118197F6E1AD10FB65EA918 /* AppDelegate.swift */; };
		AE767DF37DCD34564B8C2789 /* AuthServices.swift in Sources */ = {isa = PBXBuildFile; fileRef = 8EA185EF9995B96FD3A0CF29 /* AuthServices.swift */; };
		B07B5846C81EB0FCE7EAD133 /* DailyStep.swift in Sources */ = {isa = PBXBuildFile; fileRef = FC057C128492F249CF21E001 /* DailyStep.swift */; };
		B2125E987F915838726DE7A2 /* TuistBundle+Daily.swift in Sources */ = {isa = PBXBuildFile; fileRef = 7E9E2452332D073464A62EA3 /* TuistBundle+Daily.swift */; };
		B2476D54C52109FB2C92EE74 /* CertificationNumberViewController.swift in Sources */ = {isa = PBXBuildFile; fileRef = A4A50F16344FF02C73181D40 /* CertificationNumberViewController.swift */; };
		B7C61BB5F8A714D3ACB8753A /* Assets.xcassets in Resources */ = {isa = PBXBuildFile; fileRef = 1FBA1ABED08AF315EBF6171B /* Assets.xcassets */; };
		BC96A28034926DB7C3C48125 /* OnBoardingReactor.swift in Sources */ = {isa = PBXBuildFile; fileRef = 78601977D97D1D764E4212EB /* OnBoardingReactor.swift */; };
		BEF44969312CDD811F3AAE8F /* DailyLabel.swift in Sources */ = {isa = PBXBuildFile; fileRef = 313A6E7D517BB97D5372BFDC /* DailyLabel.swift */; };
		C66CE945EC3B50BFE5B3241A /* AuthKeyViewController.swift in Sources */ = {isa = PBXBuildFile; fileRef = 174D86E5992588AD132CBFE2 /* AuthKeyViewController.swift */; };
		C69BC766D68D8EF1095658D0 /* AuthKeyReactor.swift in Sources */ = {isa = PBXBuildFile; fileRef = CE620C8C0181E2A767746393 /* AuthKeyReactor.swift */; };
		C985F4CC767345BBE9694346 /* ProfileFlow.swift in Sources */ = {isa = PBXBuildFile; fileRef = 1403CF8BA97065FFAEB71CAF /* ProfileFlow.swift */; };
		C9B81DB2365837538F44D14A /* FSCalendar in Frameworks */ = {isa = PBXBuildFile; productRef = 51B01435703480FC39DE3E9C /* FSCalendar */; };
		CA16DC34C29DE7EE1B5F580F /* SelectThemeReactor.swift in Sources */ = {isa = PBXBuildFile; fileRef = A79308A0F979726E09C8AC5F /* SelectThemeReactor.swift */; };
		CBD97864F9BC7917CEF3279C /* DailyColor.swift in Sources */ = {isa = PBXBuildFile; fileRef = 041E3DD10BB174D0AC839FA5 /* DailyColor.swift */; };
		D3A333F2D52B5E4CC42C5E88 /* CertificationNumberReactor.swift in Sources */ = {isa = PBXBuildFile; fileRef = 44A980D829F7918A260E71FB /* CertificationNumberReactor.swift */; };
		D46A0BD7484422991C2191DA /* SignInReactor.swift in Sources */ = {isa = PBXBuildFile; fileRef = C1F6475D383A81EBD5FE3984 /* SignInReactor.swift */; };
		D67BA2949D2268FC846C569F /* ChangePasswordViewController.swift in Sources */ = {isa = PBXBuildFile; fileRef = 5C5389540FBBBFFCE313651B /* ChangePasswordViewController.swift */; };
		D88A6562F87A10AEC14BB316 /* ProfileViewModel.swift in Sources */ = {isa = PBXBuildFile; fileRef = 76F1E672207FEA280AA9C0F4 /* ProfileViewModel.swift */; };
		DF4C49B3503340514400D72E /* SignInViewController.swift in Sources */ = {isa = PBXBuildFile; fileRef = 27437CE8A61C216F99AFE630 /* SignInViewController.swift */; };
		DF79617F0AEEA0E72C934FC2 /* ThemeReactor.swift in Sources */ = {isa = PBXBuildFile; fileRef = B1BCD441C29BA9AC5A99F975 /* ThemeReactor.swift */; };
		E1E0DE81D7267DF93C7B1CC9 /* CreateEmailReactor.swift in Sources */ = {isa = PBXBuildFile; fileRef = 06885F4B3A1FC8295D0706B5 /* CreateEmailReactor.swift */; };
		E22EFF1299BEC98482A82ABB /* ForgotPasswordReactor.swift in Sources */ = {isa = PBXBuildFile; fileRef = 9FABECB8E00D4F5B08320F27 /* ForgotPasswordReactor.swift */; };
		E579EE831A3B930382FCEE8A /* RxCocoa in Frameworks */ = {isa = PBXBuildFile; productRef = D11761700097E8119C86D39D /* RxCocoa */; };
		E6CD2EC29EEF9D12528BB29B /* ProfileViewController.swift in Sources */ = {isa = PBXBuildFile; fileRef = 17703AA3CF47C986EA66566A /* ProfileViewController.swift */; };
		E9ABD483E93DF1BE080114D3 /* Kingfisher in Frameworks */ = {isa = PBXBuildFile; productRef = 100E0E2FD6BCA0172A174941 /* Kingfisher */; };
		EA3ED5738DEEA69CCACC9DE8 /* DailyReactor.swift in Sources */ = {isa = PBXBuildFile; fileRef = 63A6B3B0EB4AECC6B47618FC /* DailyReactor.swift */; };
		F2353E92853E03E0EFA03E29 /* SnapKit in Frameworks */ = {isa = PBXBuildFile; productRef = 66D08F3741D6118D193CE504 /* SnapKit */; };
		F64DEA2F5E24FA1225BE4661 /* DailyViewController.swift in Sources */ = {isa = PBXBuildFile; fileRef = 11D79435020602010C42CBEB /* DailyViewController.swift */; };
		F859A4B7480798F7FD030687 /* SplashViewController.swift in Sources */ = {isa = PBXBuildFile; fileRef = AAA6655222829756C4F93636 /* SplashViewController.swift */; };
		F9F33F448739DEEF2A3ACDE7 /* SignUpRequest.swift in Sources */ = {isa = PBXBuildFile; fileRef = 5EAD3C55A85746D6534C6C1B /* SignUpRequest.swift */; };
		FD02A98249778723FE6590C0 /* DailyNavigation.swift in Sources */ = {isa = PBXBuildFile; fileRef = 93ABA02284EDBF20957D6EA9 /* DailyNavigation.swift */; };
		FF7B648B273A54AE1571F773 /* OnBoardingViewController.swift in Sources */ = {isa = PBXBuildFile; fileRef = 024962F4EB456C656CF7594E /* OnBoardingViewController.swift */; };
/* End PBXBuildFile section */

/* Begin PBXCopyFilesBuildPhase section */
		DCA3E913CC39D45E9931C14C /* Embed Frameworks */ = {
			isa = PBXCopyFilesBuildPhase;
			buildActionMask = 2147483647;
			dstPath = "";
			dstSubfolderSpec = 10;
			files = (
			);
			name = "Embed Frameworks";
			runOnlyForDeploymentPostprocessing = 0;
		};
/* End PBXCopyFilesBuildPhase section */

/* Begin PBXFileReference section */
		01EC2A7997365D527651AD00 /* DailyTabBar.swift */ = {isa = PBXFileReference; lastKnownFileType = sourcecode.swift; path = DailyTabBar.swift; sourceTree = "<group>"; };
		024962F4EB456C656CF7594E /* OnBoardingViewController.swift */ = {isa = PBXFileReference; lastKnownFileType = sourcecode.swift; path = OnBoardingViewController.swift; sourceTree = "<group>"; };
		041E3DD10BB174D0AC839FA5 /* DailyColor.swift */ = {isa = PBXFileReference; lastKnownFileType = sourcecode.swift; path = DailyColor.swift; sourceTree = "<group>"; };
		06885F4B3A1FC8295D0706B5 /* CreateEmailReactor.swift */ = {isa = PBXFileReference; lastKnownFileType = sourcecode.swift; path = CreateEmailReactor.swift; sourceTree = "<group>"; };
		08545AD2F29EFA16514FE963 /* CarouselView.swift */ = {isa = PBXFileReference; lastKnownFileType = sourcecode.swift; path = CarouselView.swift; sourceTree = "<group>"; };
		11D79435020602010C42CBEB /* DailyViewController.swift */ = {isa = PBXFileReference; lastKnownFileType = sourcecode.swift; path = DailyViewController.swift; sourceTree = "<group>"; };
		1403CF8BA97065FFAEB71CAF /* ProfileFlow.swift */ = {isa = PBXFileReference; lastKnownFileType = sourcecode.swift; path = ProfileFlow.swift; sourceTree = "<group>"; };
		174D86E5992588AD132CBFE2 /* AuthKeyViewController.swift */ = {isa = PBXFileReference; lastKnownFileType = sourcecode.swift; path = AuthKeyViewController.swift; sourceTree = "<group>"; };
		17703AA3CF47C986EA66566A /* ProfileViewController.swift */ = {isa = PBXFileReference; lastKnownFileType = sourcecode.swift; path = ProfileViewController.swift; sourceTree = "<group>"; };
		1FBA1ABED08AF315EBF6171B /* Assets.xcassets */ = {isa = PBXFileReference; lastKnownFileType = folder.assetcatalog; path = Assets.xcassets; sourceTree = "<group>"; };
		200F75688B95613F7DADEFB4 /* ProfileCollectionCell.swift */ = {isa = PBXFileReference; lastKnownFileType = sourcecode.swift; path = ProfileCollectionCell.swift; sourceTree = "<group>"; };
		27437CE8A61C216F99AFE630 /* SignInViewController.swift */ = {isa = PBXFileReference; lastKnownFileType = sourcecode.swift; path = SignInViewController.swift; sourceTree = "<group>"; };
		27C87EB4CF2AA3FD5E5A699E /* DailyShadow.swift */ = {isa = PBXFileReference; lastKnownFileType = sourcecode.swift; path = DailyShadow.swift; sourceTree = "<group>"; };
		2BCC34C4F3BF76344CCDCCEC /* SignInModel.swift */ = {isa = PBXFileReference; lastKnownFileType = sourcecode.swift; path = SignInModel.swift; sourceTree = "<group>"; };
		2E6DB005517E31D0576CCB85 /* BaseViewModel.swift */ = {isa = PBXFileReference; lastKnownFileType = sourcecode.swift; path = BaseViewModel.swift; sourceTree = "<group>"; };
		2ECCC8AB41484A93E0A9BF2C /* SignInRequest.swift */ = {isa = PBXFileReference; lastKnownFileType = sourcecode.swift; path = SignInRequest.swift; sourceTree = "<group>"; };
		3118197F6E1AD10FB65EA918 /* AppDelegate.swift */ = {isa = PBXFileReference; lastKnownFileType = sourcecode.swift; path = AppDelegate.swift; sourceTree = "<group>"; };
		313A6E7D517BB97D5372BFDC /* DailyLabel.swift */ = {isa = PBXFileReference; lastKnownFileType = sourcecode.swift; path = DailyLabel.swift; sourceTree = "<group>"; };
		32C0ED410F5E3C2C63325A09 /* CreatePwReactor.swift */ = {isa = PBXFileReference; lastKnownFileType = sourcecode.swift; path = CreatePwReactor.swift; sourceTree = "<group>"; };
		34B4F90512BF917D01E27818 /* Daily.app */ = {isa = PBXFileReference; explicitFileType = wrapper.application; includeInIndex = 0; path = Daily.app; sourceTree = BUILT_PRODUCTS_DIR; };
		44A980D829F7918A260E71FB /* CertificationNumberReactor.swift */ = {isa = PBXFileReference; lastKnownFileType = sourcecode.swift; path = CertificationNumberReactor.swift; sourceTree = "<group>"; };
		4E661F6FA15FF35E308446CA /* ThemeViewController.swift */ = {isa = PBXFileReference; lastKnownFileType = sourcecode.swift; path = ThemeViewController.swift; sourceTree = "<group>"; };
		51D176C607BD1A38F8E2606C /* CreateEmailViewController.swift */ = {isa = PBXFileReference; lastKnownFileType = sourcecode.swift; path = CreateEmailViewController.swift; sourceTree = "<group>"; };
		54F3517475D7D5BAE4F93FEF /* HomeViewController.swift */ = {isa = PBXFileReference; lastKnownFileType = sourcecode.swift; path = HomeViewController.swift; sourceTree = "<group>"; };
		587AC24D73A0FB2DFCCC61E5 /* Base */ = {isa = PBXFileReference; lastKnownFileType = file.storyboard; name = Base; path = Base.lproj/LaunchScreen.storyboard; sourceTree = "<group>"; };
		5C5389540FBBBFFCE313651B /* ChangePasswordViewController.swift */ = {isa = PBXFileReference; lastKnownFileType = sourcecode.swift; path = ChangePasswordViewController.swift; sourceTree = "<group>"; };
		5EAD3C55A85746D6534C6C1B /* SignUpRequest.swift */ = {isa = PBXFileReference; lastKnownFileType = sourcecode.swift; path = SignUpRequest.swift; sourceTree = "<group>"; };
		63A6B3B0EB4AECC6B47618FC /* DailyReactor.swift */ = {isa = PBXFileReference; lastKnownFileType = sourcecode.swift; path = DailyReactor.swift; sourceTree = "<group>"; };
		67A0B8B1234048F443AE7B99 /* CreatePwViewController.swift */ = {isa = PBXFileReference; lastKnownFileType = sourcecode.swift; path = CreatePwViewController.swift; sourceTree = "<group>"; };
		691765455429189503736CAB /* TabBarFlow.swift */ = {isa = PBXFileReference; lastKnownFileType = sourcecode.swift; path = TabBarFlow.swift; sourceTree = "<group>"; };
		76F1E672207FEA280AA9C0F4 /* ProfileViewModel.swift */ = {isa = PBXFileReference; lastKnownFileType = sourcecode.swift; path = ProfileViewModel.swift; sourceTree = "<group>"; };
		78601977D97D1D764E4212EB /* OnBoardingReactor.swift */ = {isa = PBXFileReference; lastKnownFileType = sourcecode.swift; path = OnBoardingReactor.swift; sourceTree = "<group>"; };
		7BDF702CDE698C974C9FB69D /* SceneDelegate.swift */ = {isa = PBXFileReference; lastKnownFileType = sourcecode.swift; path = SceneDelegate.swift; sourceTree = "<group>"; };
		7E9E2452332D073464A62EA3 /* TuistBundle+Daily.swift */ = {isa = PBXFileReference; lastKnownFileType = sourcecode.swift; path = "TuistBundle+Daily.swift"; sourceTree = "<group>"; };
		85477FFC6164F75CBA4021DB /* AppFlow.swift */ = {isa = PBXFileReference; lastKnownFileType = sourcecode.swift; path = AppFlow.swift; sourceTree = "<group>"; };
		872463D65AD4F870179A8AA7 /* TextField.swift */ = {isa = PBXFileReference; lastKnownFileType = sourcecode.swift; path = TextField.swift; sourceTree = "<group>"; };
		8BE91FA13FF4F0615B858F6B /* Info.plist */ = {isa = PBXFileReference; lastKnownFileType = text.plist; path = Info.plist; sourceTree = "<group>"; };
		8DE7F77A01A54D5BEB82D939 /* LoginFlow.swift */ = {isa = PBXFileReference; lastKnownFileType = sourcecode.swift; path = LoginFlow.swift; sourceTree = "<group>"; };
		8EA185EF9995B96FD3A0CF29 /* AuthServices.swift */ = {isa = PBXFileReference; lastKnownFileType = sourcecode.swift; path = AuthServices.swift; sourceTree = "<group>"; };
		93ABA02284EDBF20957D6EA9 /* DailyNavigation.swift */ = {isa = PBXFileReference; lastKnownFileType = sourcecode.swift; path = DailyNavigation.swift; sourceTree = "<group>"; };
		973BE73C2EDFC4F1917CA16D /* ChangePasswordReactor.swift */ = {isa = PBXFileReference; lastKnownFileType = sourcecode.swift; path = ChangePasswordReactor.swift; sourceTree = "<group>"; };
		97C573414B9B2E3046BC588D /* CreateNicknameReactor.swift */ = {isa = PBXFileReference; lastKnownFileType = sourcecode.swift; path = CreateNicknameReactor.swift; sourceTree = "<group>"; };
		9FABECB8E00D4F5B08320F27 /* ForgotPasswordReactor.swift */ = {isa = PBXFileReference; lastKnownFileType = sourcecode.swift; path = ForgotPasswordReactor.swift; sourceTree = "<group>"; };
		A28BC2712AF06495FE52A16B /* CreateNicknameViewController.swift */ = {isa = PBXFileReference; lastKnownFileType = sourcecode.swift; path = CreateNicknameViewController.swift; sourceTree = "<group>"; };
		A4A50F16344FF02C73181D40 /* CertificationNumberViewController.swift */ = {isa = PBXFileReference; lastKnownFileType = sourcecode.swift; path = CertificationNumberViewController.swift; sourceTree = "<group>"; };
		A79308A0F979726E09C8AC5F /* SelectThemeReactor.swift */ = {isa = PBXFileReference; lastKnownFileType = sourcecode.swift; path = SelectThemeReactor.swift; sourceTree = "<group>"; };
		A7FCC0B9AC77F3B3797D6C85 /* BaseURL.swift */ = {isa = PBXFileReference; lastKnownFileType = sourcecode.swift; path = BaseURL.swift; sourceTree = "<group>"; };
		AAA6655222829756C4F93636 /* SplashViewController.swift */ = {isa = PBXFileReference; lastKnownFileType = sourcecode.swift; path = SplashViewController.swift; sourceTree = "<group>"; };
		AC92D733B6F0C19ADB5719DD /* DailyButton.swift */ = {isa = PBXFileReference; lastKnownFileType = sourcecode.swift; path = DailyButton.swift; sourceTree = "<group>"; };
		AE936B3692DEFC9879F6AF4E /* SelectThemeCell.swift */ = {isa = PBXFileReference; lastKnownFileType = sourcecode.swift; path = SelectThemeCell.swift; sourceTree = "<group>"; };
		B1BCD441C29BA9AC5A99F975 /* ThemeReactor.swift */ = {isa = PBXFileReference; lastKnownFileType = sourcecode.swift; path = ThemeReactor.swift; sourceTree = "<group>"; };
		B1FDE16182F588DC05C7FCBB /* MainFlow.swift */ = {isa = PBXFileReference; lastKnownFileType = sourcecode.swift; path = MainFlow.swift; sourceTree = "<group>"; };
		B3491208521B3E8169C06E05 /* DailyTextField.swift */ = {isa = PBXFileReference; lastKnownFileType = sourcecode.swift; path = DailyTextField.swift; sourceTree = "<group>"; };
		B6361B004F07CF8F69E4C7C7 /* HomeReactor.swift */ = {isa = PBXFileReference; lastKnownFileType = sourcecode.swift; path = HomeReactor.swift; sourceTree = "<group>"; };
		C1F6475D383A81EBD5FE3984 /* SignInReactor.swift */ = {isa = PBXFileReference; lastKnownFileType = sourcecode.swift; path = SignInReactor.swift; sourceTree = "<group>"; };
		CA7CED1CE719F0A1BBA88613 /* SeletThemeViewController.swift */ = {isa = PBXFileReference; lastKnownFileType = sourcecode.swift; path = SeletThemeViewController.swift; sourceTree = "<group>"; };
		CE620C8C0181E2A767746393 /* AuthKeyReactor.swift */ = {isa = PBXFileReference; lastKnownFileType = sourcecode.swift; path = AuthKeyReactor.swift; sourceTree = "<group>"; };
		D14AA882651C9DC5E022246A /* Button.swift */ = {isa = PBXFileReference; lastKnownFileType = sourcecode.swift; path = Button.swift; sourceTree = "<group>"; };
		D23B51E639CC25049DDD8D2B /* BaseViewController.swift */ = {isa = PBXFileReference; lastKnownFileType = sourcecode.swift; path = BaseViewController.swift; sourceTree = "<group>"; };
		D6C84EB7ED670B27E5CFFA42 /* DailyCalender.swift */ = {isa = PBXFileReference; lastKnownFileType = sourcecode.swift; path = DailyCalender.swift; sourceTree = "<group>"; };
		DB6B509E8AFB8AE641211797 /* ThemeFlow.swift */ = {isa = PBXFileReference; lastKnownFileType = sourcecode.swift; path = ThemeFlow.swift; sourceTree = "<group>"; };
		EB518431739AEC9970A41ED5 /* CheckEmailReactor.swift */ = {isa = PBXFileReference; lastKnownFileType = sourcecode.swift; path = CheckEmailReactor.swift; sourceTree = "<group>"; };
		F3BE45DE2C956392C8B00A43 /* CheckEmailViewController.swift */ = {isa = PBXFileReference; lastKnownFileType = sourcecode.swift; path = CheckEmailViewController.swift; sourceTree = "<group>"; };
		F7C6610AEA7E2679E4F15AC7 /* ForgotPasswordViewController.swift */ = {isa = PBXFileReference; lastKnownFileType = sourcecode.swift; path = ForgotPasswordViewController.swift; sourceTree = "<group>"; };
		FC057C128492F249CF21E001 /* DailyStep.swift */ = {isa = PBXFileReference; lastKnownFileType = sourcecode.swift; path = DailyStep.swift; sourceTree = "<group>"; };
/* End PBXFileReference section */

/* Begin PBXFrameworksBuildPhase section */
		F2C1EA614C355B5520CB92AB /* Frameworks */ = {
			isa = PBXFrameworksBuildPhase;
			buildActionMask = 2147483647;
			files = (
				0340C91C2259FB5C2DC28209 /* RxFlow in Frameworks */,
				A5C23E64BB0EF53D774A68F2 /* RxSwift in Frameworks */,
				E579EE831A3B930382FCEE8A /* RxCocoa in Frameworks */,
				F2353E92853E03E0EFA03E29 /* SnapKit in Frameworks */,
				4BCE8D0B8C9D760E1A32DAC6 /* Then in Frameworks */,
				4A6BC1D80EB9D1514254CEC5 /* Moya in Frameworks */,
				E9ABD483E93DF1BE080114D3 /* Kingfisher in Frameworks */,
				8C77FD650CE1F6F136A40F76 /* ReactorKit in Frameworks */,
				1C4177A7E549AA8BE5E40864 /* ViewAnimator in Frameworks */,
				C9B81DB2365837538F44D14A /* FSCalendar in Frameworks */,
				2EED616CF9380AEBA12344ED /* Gifu in Frameworks */,
				458D173786CA86E9809E5301 /* DPOTPView in Frameworks */,
			);
			runOnlyForDeploymentPostprocessing = 0;
		};
/* End PBXFrameworksBuildPhase section */

/* Begin PBXGroup section */
		0A52FDB9A3752CC96800493C /* Main */ = {
			isa = PBXGroup;
			children = (
				16436A5595D07009EF63D2F3 /* Items */,
				D01AFE3F31A5B50B8D9BC203 /* TabBar */,
			);
			path = Main;
			sourceTree = "<group>";
		};
		0D513083B7F12C6DA6D1DCB8 /* Services */ = {
			isa = PBXGroup;
			children = (
				D622A13A7C71B606193A3659 /* Auth */,
			);
			path = Services;
			sourceTree = "<group>";
		};
		0D9364F163B259E07C1A2D6B /* Cell */ = {
			isa = PBXGroup;
			children = (
				200F75688B95613F7DADEFB4 /* ProfileCollectionCell.swift */,
			);
			path = Cell;
			sourceTree = "<group>";
		};
		118EF4BF18A9AE4B0E62650C /* DesignSystem */ = {
			isa = PBXGroup;
			children = (
				FE125BBFC744401DFAD14A9D /* Button */,
				9D879D9EE64D3EE9150399A4 /* TextField */,
			);
			path = DesignSystem;
			sourceTree = "<group>";
		};
		12F584641F64CEFDBF4C27B0 /* Reactor */ = {
			isa = PBXGroup;
			children = (
				32C0ED410F5E3C2C63325A09 /* CreatePwReactor.swift */,
			);
			path = Reactor;
			sourceTree = "<group>";
		};
		13AFF987B76FA33E3DDAB511 /* AuthKey */ = {
			isa = PBXGroup;
			children = (
				FC0DB4892182C3FE5073AA95 /* Reactor */,
				3C4423417F1F6129823253B4 /* VC */,
			);
			path = AuthKey;
			sourceTree = "<group>";
		};
		16436A5595D07009EF63D2F3 /* Items */ = {
			isa = PBXGroup;
			children = (
				B1FDE16182F588DC05C7FCBB /* MainFlow.swift */,
				1403CF8BA97065FFAEB71CAF /* ProfileFlow.swift */,
				DB6B509E8AFB8AE641211797 /* ThemeFlow.swift */,
			);
			path = Items;
			sourceTree = "<group>";
		};
		18F9D4BD9AF3111628268DAA /* ForgotPassword */ = {
			isa = PBXGroup;
			children = (
				13AFF987B76FA33E3DDAB511 /* AuthKey */,
				195E1AA021515CF8344A855B /* ChangePassword */,
				710DAE98D8E58D084843766D /* CheckEmail */,
				41239A4476490E56F604BCE6 /* ForgotPassword */,
			);
			path = ForgotPassword;
			sourceTree = "<group>";
		};
		195E1AA021515CF8344A855B /* ChangePassword */ = {
			isa = PBXGroup;
			children = (
				947728FB8E4414C7680498BC /* Reactor */,
				79AC654500FDB7B7E66C9F82 /* VC */,
			);
			path = ChangePassword;
			sourceTree = "<group>";
		};
		253DD9766443FCDDF7726992 /* Frameworks */ = {
			isa = PBXGroup;
			children = (
			);
			name = Frameworks;
			sourceTree = "<group>";
		};
		27D53B4466E3ABC4A21F9669 /* Step */ = {
			isa = PBXGroup;
			children = (
				FC057C128492F249CF21E001 /* DailyStep.swift */,
			);
			path = Step;
			sourceTree = "<group>";
		};
		2F029600C6EF4F45E634199B /* Flows */ = {
			isa = PBXGroup;
			children = (
				0A52FDB9A3752CC96800493C /* Main */,
				8DE7F77A01A54D5BEB82D939 /* LoginFlow.swift */,
			);
			path = Flows;
			sourceTree = "<group>";
		};
		3770775D589D41F2B2CAC990 /* Reactor */ = {
			isa = PBXGroup;
			children = (
				44A980D829F7918A260E71FB /* CertificationNumberReactor.swift */,
			);
			path = Reactor;
			sourceTree = "<group>";
		};
		39AABBCCBEE99CB9A18CF96B /* Daily */ = {
			isa = PBXGroup;
			children = (
				939DF495E6CDDF48950E4F7A /* Reactor */,
				4189754B68D08F7089F8C684 /* VC */,
			);
			path = Daily;
			sourceTree = "<group>";
		};
		3BB678426DCE0E9C9EE35FBA /* Auth */ = {
			isa = PBXGroup;
			children = (
				2BCC34C4F3BF76344CCDCCEC /* SignInModel.swift */,
			);
			path = Auth;
			sourceTree = "<group>";
		};
		3C3EE24C66BE512F09D761F4 /* Theme */ = {
			isa = PBXGroup;
			children = (
				8BDE3F4ECFD72C871E68F89D /* Reactor */,
				77F15DFB7FE9349DDAF877C3 /* VC */,
			);
			path = Theme;
			sourceTree = "<group>";
		};
		3C4423417F1F6129823253B4 /* VC */ = {
			isa = PBXGroup;
			children = (
				174D86E5992588AD132CBFE2 /* AuthKeyViewController.swift */,
			);
			path = VC;
			sourceTree = "<group>";
		};
		41239A4476490E56F604BCE6 /* ForgotPassword */ = {
			isa = PBXGroup;
			children = (
				7242DFC7DE4ACADF66AAF5D0 /* Reactor */,
				9AE1F02DEE73DC34610CBABA /* VC */,
			);
			path = ForgotPassword;
			sourceTree = "<group>";
		};
		413DEA51B1471D43C4554119 /* VC */ = {
			isa = PBXGroup;
			children = (
				51D176C607BD1A38F8E2606C /* CreateEmailViewController.swift */,
			);
			path = VC;
			sourceTree = "<group>";
		};
		4189754B68D08F7089F8C684 /* VC */ = {
			isa = PBXGroup;
			children = (
				11D79435020602010C42CBEB /* DailyViewController.swift */,
			);
			path = VC;
			sourceTree = "<group>";
		};
		49045322D3A18070F8FCE378 /* Sources */ = {
			isa = PBXGroup;
			children = (
				5FDCDB9FB8A175E6A0CB52D2 /* Application */,
				D2765104718CD819C2A03E93 /* Data */,
				118EF4BF18A9AE4B0E62650C /* DesignSystem */,
				E871A488A0AF57CDACD60984 /* Extension */,
				F1FDED45FA11DE97851255FF /* Presentation */,
			);
			path = Sources;
			sourceTree = "<group>";
		};
		4BE61EFD3C03B14AE4F81BFE /* Reactor */ = {
			isa = PBXGroup;
			children = (
				B6361B004F07CF8F69E4C7C7 /* HomeReactor.swift */,
			);
			path = Reactor;
			sourceTree = "<group>";
		};
		4C971F59E3DD3EB042D926B3 /* Reactor */ = {
			isa = PBXGroup;
			children = (
				06885F4B3A1FC8295D0706B5 /* CreateEmailReactor.swift */,
			);
			path = Reactor;
			sourceTree = "<group>";
		};
		4CF6776A739C5F65AB1C100B /* VC */ = {
			isa = PBXGroup;
			children = (
				F3BE45DE2C956392C8B00A43 /* CheckEmailViewController.swift */,
			);
			path = VC;
			sourceTree = "<group>";
		};
		50298709D08F0FE64937F54C /* Reactor */ = {
			isa = PBXGroup;
			children = (
				EB518431739AEC9970A41ED5 /* CheckEmailReactor.swift */,
			);
			path = Reactor;
			sourceTree = "<group>";
		};
		52452C4E8AA7676EC888D762 /* Request */ = {
			isa = PBXGroup;
			children = (
				58B5C6210A10A31FC541002A /* Auth */,
			);
			path = Request;
			sourceTree = "<group>";
		};
		56BB277F672ED0CF249FB4BC /* VC */ = {
			isa = PBXGroup;
			children = (
				67A0B8B1234048F443AE7B99 /* CreatePwViewController.swift */,
			);
			path = VC;
			sourceTree = "<group>";
		};
		573EAB085B5EB4019413EAB3 /* Reactor */ = {
			isa = PBXGroup;
			children = (
				76F1E672207FEA280AA9C0F4 /* ProfileViewModel.swift */,
			);
			path = Reactor;
			sourceTree = "<group>";
		};
		5774AD069D505A4974BC6AFA /* Splash */ = {
			isa = PBXGroup;
			children = (
				AAA6655222829756C4F93636 /* SplashViewController.swift */,
			);
			path = Splash;
			sourceTree = "<group>";
		};
		58B5C6210A10A31FC541002A /* Auth */ = {
			isa = PBXGroup;
			children = (
				2ECCC8AB41484A93E0A9BF2C /* SignInRequest.swift */,
				5EAD3C55A85746D6534C6C1B /* SignUpRequest.swift */,
			);
			path = Auth;
			sourceTree = "<group>";
		};
		5C73D80756FFCE6B2AC3B056 /* CreateNickname */ = {
			isa = PBXGroup;
			children = (
				88A53F8AF0FD093787940074 /* Reactor */,
				5F262A23987902A7D0986AC7 /* VC */,
			);
			path = CreateNickname;
			sourceTree = "<group>";
		};
		5F262A23987902A7D0986AC7 /* VC */ = {
			isa = PBXGroup;
			children = (
				A28BC2712AF06495FE52A16B /* CreateNicknameViewController.swift */,
			);
			path = VC;
			sourceTree = "<group>";
		};
		5FDCDB9FB8A175E6A0CB52D2 /* Application */ = {
			isa = PBXGroup;
			children = (
				D79E4F5731C09FFBBACD35BD /* Flow */,
			);
			path = Application;
			sourceTree = "<group>";
		};
		656E8A27438A94EBB645A276 /* VC */ = {
			isa = PBXGroup;
			children = (
				024962F4EB456C656CF7594E /* OnBoardingViewController.swift */,
			);
			path = VC;
			sourceTree = "<group>";
		};
		6808937197FDD8C730D008DF /* VC */ = {
			isa = PBXGroup;
			children = (
				54F3517475D7D5BAE4F93FEF /* HomeViewController.swift */,
			);
			path = VC;
			sourceTree = "<group>";
		};
		6D12F64A787B5E47D7AB629E /* CertificationNumber */ = {
			isa = PBXGroup;
			children = (
				3770775D589D41F2B2CAC990 /* Reactor */,
				FC26E0890E594F20FFF76DF3 /* VC */,
			);
			path = CertificationNumber;
			sourceTree = "<group>";
		};
		710DAE98D8E58D084843766D /* CheckEmail */ = {
			isa = PBXGroup;
			children = (
				50298709D08F0FE64937F54C /* Reactor */,
				4CF6776A739C5F65AB1C100B /* VC */,
			);
			path = CheckEmail;
			sourceTree = "<group>";
		};
		7242DFC7DE4ACADF66AAF5D0 /* Reactor */ = {
			isa = PBXGroup;
			children = (
				9FABECB8E00D4F5B08320F27 /* ForgotPasswordReactor.swift */,
			);
			path = Reactor;
			sourceTree = "<group>";
		};
		77F15DFB7FE9349DDAF877C3 /* VC */ = {
			isa = PBXGroup;
			children = (
				4E661F6FA15FF35E308446CA /* ThemeViewController.swift */,
			);
			path = VC;
			sourceTree = "<group>";
		};
		79AC654500FDB7B7E66C9F82 /* VC */ = {
			isa = PBXGroup;
			children = (
				5C5389540FBBBFFCE313651B /* ChangePasswordViewController.swift */,
			);
			path = VC;
			sourceTree = "<group>";
		};
		7EAB52316D11B1EABB442002 /* Model */ = {
			isa = PBXGroup;
			children = (
				3BB678426DCE0E9C9EE35FBA /* Auth */,
			);
			path = Model;
			sourceTree = "<group>";
		};
		7F1E51F85354B9375BA0B4EE = {
			isa = PBXGroup;
			children = (
				F64079BAE6C0CE82E6C9D3A3 /* Project */,
				253DD9766443FCDDF7726992 /* Frameworks */,
				B93FEC9B7E07899A92846908 /* Products */,
			);
			sourceTree = "<group>";
		};
		80FDC60FE53D8C5288A4D6DD /* CreateEmail */ = {
			isa = PBXGroup;
			children = (
				4C971F59E3DD3EB042D926B3 /* Reactor */,
				413DEA51B1471D43C4554119 /* VC */,
			);
			path = CreateEmail;
			sourceTree = "<group>";
		};
		88A53F8AF0FD093787940074 /* Reactor */ = {
			isa = PBXGroup;
			children = (
				97C573414B9B2E3046BC588D /* CreateNicknameReactor.swift */,
			);
			path = Reactor;
			sourceTree = "<group>";
		};
		8BDE3F4ECFD72C871E68F89D /* Reactor */ = {
			isa = PBXGroup;
			children = (
				B1BCD441C29BA9AC5A99F975 /* ThemeReactor.swift */,
			);
			path = Reactor;
			sourceTree = "<group>";
		};
		939DF495E6CDDF48950E4F7A /* Reactor */ = {
			isa = PBXGroup;
			children = (
				63A6B3B0EB4AECC6B47618FC /* DailyReactor.swift */,
			);
			path = Reactor;
			sourceTree = "<group>";
		};
		947728FB8E4414C7680498BC /* Reactor */ = {
			isa = PBXGroup;
			children = (
				973BE73C2EDFC4F1917CA16D /* ChangePasswordReactor.swift */,
			);
			path = Reactor;
			sourceTree = "<group>";
		};
		94A4FA28FB6C256B22BA6EFE /* OnBoarding */ = {
			isa = PBXGroup;
			children = (
				9C7A5D57D084EF2142D50603 /* Reactor */,
				656E8A27438A94EBB645A276 /* VC */,
			);
			path = OnBoarding;
			sourceTree = "<group>";
		};
		94D10B8FE966BC46D71E90DD /* SignIn */ = {
			isa = PBXGroup;
			children = (
				D573565BC99BD4C5E70C7911 /* Reactor */,
				A556DD7B5CBA22EBF6CD4795 /* VC */,
			);
			path = SignIn;
			sourceTree = "<group>";
		};
		9AA5DA56218D5570576569DC /* SignUp */ = {
			isa = PBXGroup;
			children = (
				6D12F64A787B5E47D7AB629E /* CertificationNumber */,
				80FDC60FE53D8C5288A4D6DD /* CreateEmail */,
				5C73D80756FFCE6B2AC3B056 /* CreateNickname */,
				EFE5BAFFEA75307488C796B1 /* CreatePw */,
				D0142FE8751415EDEF955674 /* SelectTheme */,
			);
			path = SignUp;
			sourceTree = "<group>";
		};
		9AE1F02DEE73DC34610CBABA /* VC */ = {
			isa = PBXGroup;
			children = (
				F7C6610AEA7E2679E4F15AC7 /* ForgotPasswordViewController.swift */,
			);
			path = VC;
			sourceTree = "<group>";
		};
		9C41F64839C774E2653F3926 /* Base */ = {
			isa = PBXGroup;
			children = (
				D23B51E639CC25049DDD8D2B /* BaseViewController.swift */,
				2E6DB005517E31D0576CCB85 /* BaseViewModel.swift */,
			);
			path = Base;
			sourceTree = "<group>";
		};
		9C7A5D57D084EF2142D50603 /* Reactor */ = {
			isa = PBXGroup;
			children = (
				78601977D97D1D764E4212EB /* OnBoardingReactor.swift */,
			);
			path = Reactor;
			sourceTree = "<group>";
		};
		9D879D9EE64D3EE9150399A4 /* TextField */ = {
			isa = PBXGroup;
			children = (
				B3491208521B3E8169C06E05 /* DailyTextField.swift */,
			);
			path = TextField;
			sourceTree = "<group>";
		};
		A2035844C55ADA7657A2F16B /* VC */ = {
			isa = PBXGroup;
			children = (
				17703AA3CF47C986EA66566A /* ProfileViewController.swift */,
			);
			path = VC;
			sourceTree = "<group>";
		};
		A2A63BBAF301C6C5EEA47DCB /* Daily */ = {
			isa = PBXGroup;
			children = (
				DEEBB42A4BF3F5C200418DBB /* Resources */,
				49045322D3A18070F8FCE378 /* Sources */,
				8BE91FA13FF4F0615B858F6B /* Info.plist */,
			);
			path = Daily;
			sourceTree = "<group>";
		};
		A556DD7B5CBA22EBF6CD4795 /* VC */ = {
			isa = PBXGroup;
			children = (
				27437CE8A61C216F99AFE630 /* SignInViewController.swift */,
			);
			path = VC;
			sourceTree = "<group>";
		};
		ACFBCE4618192838CF3A6E5F /* Cell */ = {
			isa = PBXGroup;
			children = (
				AE936B3692DEFC9879F6AF4E /* SelectThemeCell.swift */,
			);
			path = Cell;
			sourceTree = "<group>";
		};
		AF2C87313AA02FA7E81A4513 /* Reactor */ = {
			isa = PBXGroup;
			children = (
				A79308A0F979726E09C8AC5F /* SelectThemeReactor.swift */,
			);
			path = Reactor;
			sourceTree = "<group>";
		};
		B8D8BD65DFAEAB3D6BB6EDB4 /* Auth */ = {
			isa = PBXGroup;
			children = (
				18F9D4BD9AF3111628268DAA /* ForgotPassword */,
				94A4FA28FB6C256B22BA6EFE /* OnBoarding */,
				94D10B8FE966BC46D71E90DD /* SignIn */,
				9AA5DA56218D5570576569DC /* SignUp */,
			);
			path = Auth;
			sourceTree = "<group>";
		};
		B93FEC9B7E07899A92846908 /* Products */ = {
			isa = PBXGroup;
			children = (
				34B4F90512BF917D01E27818 /* Daily.app */,
			);
			name = Products;
			sourceTree = "<group>";
		};
		C1A49BB3E4B14B48653261C6 /* Home */ = {
			isa = PBXGroup;
			children = (
				4BE61EFD3C03B14AE4F81BFE /* Reactor */,
				6808937197FDD8C730D008DF /* VC */,
			);
			path = Home;
			sourceTree = "<group>";
		};
		C961CB3BEFF346A5273F9D10 /* Sources */ = {
			isa = PBXGroup;
			children = (
				7E9E2452332D073464A62EA3 /* TuistBundle+Daily.swift */,
			);
			path = Sources;
			sourceTree = "<group>";
		};
		C9967621CA1FE97F12EA27FE /* VC */ = {
			isa = PBXGroup;
			children = (
				08545AD2F29EFA16514FE963 /* CarouselView.swift */,
				CA7CED1CE719F0A1BBA88613 /* SeletThemeViewController.swift */,
			);
			path = VC;
			sourceTree = "<group>";
		};
		CA17F2E9B55A4853E58EE395 /* Main */ = {
			isa = PBXGroup;
			children = (
				39AABBCCBEE99CB9A18CF96B /* Daily */,
				C1A49BB3E4B14B48653261C6 /* Home */,
				F7EECC3F4F022F45892B7C31 /* Profile */,
				D8F435D3B3336A0879D7C4FE /* TabBar */,
				3C3EE24C66BE512F09D761F4 /* Theme */,
			);
			path = Main;
			sourceTree = "<group>";
		};
		D0142FE8751415EDEF955674 /* SelectTheme */ = {
			isa = PBXGroup;
			children = (
				ACFBCE4618192838CF3A6E5F /* Cell */,
				AF2C87313AA02FA7E81A4513 /* Reactor */,
				C9967621CA1FE97F12EA27FE /* VC */,
			);
			path = SelectTheme;
			sourceTree = "<group>";
		};
		D01AFE3F31A5B50B8D9BC203 /* TabBar */ = {
			isa = PBXGroup;
			children = (
				691765455429189503736CAB /* TabBarFlow.swift */,
			);
			path = TabBar;
			sourceTree = "<group>";
		};
		D2765104718CD819C2A03E93 /* Data */ = {
			isa = PBXGroup;
			children = (
				D336B4688E345BF5846E00F6 /* General */,
				7EAB52316D11B1EABB442002 /* Model */,
				52452C4E8AA7676EC888D762 /* Request */,
				0D513083B7F12C6DA6D1DCB8 /* Services */,
			);
			path = Data;
			sourceTree = "<group>";
		};
		D336B4688E345BF5846E00F6 /* General */ = {
			isa = PBXGroup;
			children = (
				A7FCC0B9AC77F3B3797D6C85 /* BaseURL.swift */,
			);
			path = General;
			sourceTree = "<group>";
		};
		D573565BC99BD4C5E70C7911 /* Reactor */ = {
			isa = PBXGroup;
			children = (
				C1F6475D383A81EBD5FE3984 /* SignInReactor.swift */,
			);
			path = Reactor;
			sourceTree = "<group>";
		};
		D622A13A7C71B606193A3659 /* Auth */ = {
			isa = PBXGroup;
			children = (
				8EA185EF9995B96FD3A0CF29 /* AuthServices.swift */,
			);
			path = Auth;
			sourceTree = "<group>";
		};
		D79E4F5731C09FFBBACD35BD /* Flow */ = {
			isa = PBXGroup;
			children = (
				2F029600C6EF4F45E634199B /* Flows */,
				27D53B4466E3ABC4A21F9669 /* Step */,
				3118197F6E1AD10FB65EA918 /* AppDelegate.swift */,
				85477FFC6164F75CBA4021DB /* AppFlow.swift */,
				7BDF702CDE698C974C9FB69D /* SceneDelegate.swift */,
			);
			path = Flow;
			sourceTree = "<group>";
		};
		D8F435D3B3336A0879D7C4FE /* TabBar */ = {
			isa = PBXGroup;
			children = (
				01EC2A7997365D527651AD00 /* DailyTabBar.swift */,
			);
			path = TabBar;
			sourceTree = "<group>";
		};
		DEEBB42A4BF3F5C200418DBB /* Resources */ = {
			isa = PBXGroup;
			children = (
				8324D0DB7103DB159732C0D7 /* LaunchScreen.storyboard */,
				1FBA1ABED08AF315EBF6171B /* Assets.xcassets */,
			);
			path = Resources;
			sourceTree = "<group>";
		};
		E871A488A0AF57CDACD60984 /* Extension */ = {
			isa = PBXGroup;
			children = (
				D14AA882651C9DC5E022246A /* Button.swift */,
				D6C84EB7ED670B27E5CFFA42 /* DailyCalender.swift */,
				041E3DD10BB174D0AC839FA5 /* DailyColor.swift */,
				313A6E7D517BB97D5372BFDC /* DailyLabel.swift */,
				93ABA02284EDBF20957D6EA9 /* DailyNavigation.swift */,
				27C87EB4CF2AA3FD5E5A699E /* DailyShadow.swift */,
				872463D65AD4F870179A8AA7 /* TextField.swift */,
			);
			path = Extension;
			sourceTree = "<group>";
		};
		EA904FCC21004ECCF6A2068E /* Derived */ = {
			isa = PBXGroup;
			children = (
				C961CB3BEFF346A5273F9D10 /* Sources */,
			);
			path = Derived;
			sourceTree = "<group>";
		};
		EFE5BAFFEA75307488C796B1 /* CreatePw */ = {
			isa = PBXGroup;
			children = (
				12F584641F64CEFDBF4C27B0 /* Reactor */,
				56BB277F672ED0CF249FB4BC /* VC */,
			);
			path = CreatePw;
			sourceTree = "<group>";
		};
		F1FDED45FA11DE97851255FF /* Presentation */ = {
			isa = PBXGroup;
			children = (
				B8D8BD65DFAEAB3D6BB6EDB4 /* Auth */,
				9C41F64839C774E2653F3926 /* Base */,
				CA17F2E9B55A4853E58EE395 /* Main */,
				5774AD069D505A4974BC6AFA /* Splash */,
			);
			path = Presentation;
			sourceTree = "<group>";
		};
		F64079BAE6C0CE82E6C9D3A3 /* Project */ = {
			isa = PBXGroup;
			children = (
				A2A63BBAF301C6C5EEA47DCB /* Daily */,
				EA904FCC21004ECCF6A2068E /* Derived */,
			);
			name = Project;
			sourceTree = "<group>";
		};
		F7EECC3F4F022F45892B7C31 /* Profile */ = {
			isa = PBXGroup;
			children = (
				0D9364F163B259E07C1A2D6B /* Cell */,
				573EAB085B5EB4019413EAB3 /* Reactor */,
				A2035844C55ADA7657A2F16B /* VC */,
			);
			path = Profile;
			sourceTree = "<group>";
		};
		FC0DB4892182C3FE5073AA95 /* Reactor */ = {
			isa = PBXGroup;
			children = (
				CE620C8C0181E2A767746393 /* AuthKeyReactor.swift */,
			);
			path = Reactor;
			sourceTree = "<group>";
		};
		FC26E0890E594F20FFF76DF3 /* VC */ = {
			isa = PBXGroup;
			children = (
				A4A50F16344FF02C73181D40 /* CertificationNumberViewController.swift */,
			);
			path = VC;
			sourceTree = "<group>";
		};
		FE125BBFC744401DFAD14A9D /* Button */ = {
			isa = PBXGroup;
			children = (
				AC92D733B6F0C19ADB5719DD /* DailyButton.swift */,
			);
			path = Button;
			sourceTree = "<group>";
		};
/* End PBXGroup section */

/* Begin PBXNativeTarget section */
		CE715FA2773048DAE25E7252 /* Daily */ = {
			isa = PBXNativeTarget;
			buildConfigurationList = 410AFE56BAD5DEE44DA90776 /* Build configuration list for PBXNativeTarget "Daily" */;
			buildPhases = (
				70C823522867D176CB19FA6F /* Sources */,
				29512F8D76FA919807DA0324 /* Resources */,
				DCA3E913CC39D45E9931C14C /* Embed Frameworks */,
				F2C1EA614C355B5520CB92AB /* Frameworks */,
			);
			buildRules = (
			);
			dependencies = (
			);
			name = Daily;
			packageProductDependencies = (
				9AE731B5115163D71F930804 /* RxFlow */,
				255BCA0FD915A2805B951C2A /* RxSwift */,
				D11761700097E8119C86D39D /* RxCocoa */,
				66D08F3741D6118D193CE504 /* SnapKit */,
				0EE2BFB6B1FFC4DD59F77760 /* Then */,
				7B0E7E4FD34A5E2006417002 /* Moya */,
				100E0E2FD6BCA0172A174941 /* Kingfisher */,
				FD998E7EB432C259C47421AB /* ReactorKit */,
				A55F0EF0AE24D58962844ED8 /* ViewAnimator */,
				51B01435703480FC39DE3E9C /* FSCalendar */,
				7B980D196817B225807FC212 /* Gifu */,
				C7591A3CDDC1B7C10E1645F1 /* DPOTPView */,
			);
			productName = Daily;
			productReference = 34B4F90512BF917D01E27818 /* Daily.app */;
			productType = "com.apple.product-type.application";
		};
/* End PBXNativeTarget section */

/* Begin PBXProject section */
		1E8050E2EBF4B3BCFF5AF9D5 /* Project object */ = {
			isa = PBXProject;
			attributes = {
				ORGANIZATIONNAME = Daily;
			};
			buildConfigurationList = A44BFB2ED6C04BB88C116CC5 /* Build configuration list for PBXProject "Daily" */;
			compatibilityVersion = "Xcode 13.0";
			developmentRegion = en;
			hasScannedForEncodings = 0;
			knownRegions = (
				Base,
				en,
			);
			mainGroup = 7F1E51F85354B9375BA0B4EE;
			packageReferences = (
				F568D5F7AC382FF22F1732AC /* XCRemoteSwiftPackageReference "DPOTPView" */,
				881177A00BFDD1841E3BFCAA /* XCRemoteSwiftPackageReference "Moya" */,
				475B9453EB5FEBE53AF5D9A6 /* XCRemoteSwiftPackageReference "RxSwift" */,
				0726E4744DD128002FB13089 /* XCRemoteSwiftPackageReference "ReactorKit" */,
				8C24D5EF689C10D45D45312F /* XCRemoteSwiftPackageReference "RxFlow" */,
				912944AECAE24E8FF3AE31DF /* XCRemoteSwiftPackageReference "SnapKit" */,
				FB6CD075535AD213166EEE2A /* XCRemoteSwiftPackageReference "FSCalendar" */,
				EF844B7385BEA201EAD5E96F /* XCRemoteSwiftPackageReference "Then" */,
				76CE169ADBADA8C2967EACD0 /* XCRemoteSwiftPackageReference "Gifu" */,
				AAC6C13F1F6A70D346B2DF15 /* XCRemoteSwiftPackageReference "ViewAnimator" */,
				BAA72EE2A3969BEF86ED86A8 /* XCRemoteSwiftPackageReference "Kingfisher" */,
			);
			productRefGroup = B93FEC9B7E07899A92846908 /* Products */;
			projectDirPath = "";
			projectRoot = "";
			targets = (
				CE715FA2773048DAE25E7252 /* Daily */,
			);
		};
/* End PBXProject section */

/* Begin PBXResourcesBuildPhase section */
		29512F8D76FA919807DA0324 /* Resources */ = {
			isa = PBXResourcesBuildPhase;
			buildActionMask = 2147483647;
			files = (
				B7C61BB5F8A714D3ACB8753A /* Assets.xcassets in Resources */,
				04DE32C746A197AEB7877C3D /* LaunchScreen.storyboard in Resources */,
			);
			runOnlyForDeploymentPostprocessing = 0;
		};
/* End PBXResourcesBuildPhase section */

/* Begin PBXSourcesBuildPhase section */
		70C823522867D176CB19FA6F /* Sources */ = {
			isa = PBXSourcesBuildPhase;
			buildActionMask = 2147483647;
			files = (
				A724FB31F26D80030ADA7A57 /* AppDelegate.swift in Sources */,
				989F8E60271907C3692AB6F6 /* AppFlow.swift in Sources */,
				842BFE42EBAEB7F3037589D1 /* LoginFlow.swift in Sources */,
				12D12D45A29ACEC07E085197 /* MainFlow.swift in Sources */,
				C985F4CC767345BBE9694346 /* ProfileFlow.swift in Sources */,
				770B75C653CDD09B55534979 /* ThemeFlow.swift in Sources */,
				2E592C2094EDCD847E834EBB /* TabBarFlow.swift in Sources */,
				51C543B22AD9756D0E2BBF2E /* SceneDelegate.swift in Sources */,
				B07B5846C81EB0FCE7EAD133 /* DailyStep.swift in Sources */,
				687D364044989AFA73626E77 /* BaseURL.swift in Sources */,
				86764DA942978ED2346927BA /* SignInModel.swift in Sources */,
				769381BCDCEC7B1BC3813E41 /* SignInRequest.swift in Sources */,
				F9F33F448739DEEF2A3ACDE7 /* SignUpRequest.swift in Sources */,
				AE767DF37DCD34564B8C2789 /* AuthServices.swift in Sources */,
				7451C0F96296471111388C84 /* DailyButton.swift in Sources */,
				6F8713F7FB3B0578B51D52C1 /* DailyTextField.swift in Sources */,
				3EDCA5167A36C5242796029F /* Button.swift in Sources */,
				5A896939B42541F731A4E59A /* DailyCalender.swift in Sources */,
				CBD97864F9BC7917CEF3279C /* DailyColor.swift in Sources */,
				BEF44969312CDD811F3AAE8F /* DailyLabel.swift in Sources */,
				FD02A98249778723FE6590C0 /* DailyNavigation.swift in Sources */,
				880F9DF6CE09FF752DAE740C /* DailyShadow.swift in Sources */,
				A3B731C69E708C663A022F31 /* TextField.swift in Sources */,
				C69BC766D68D8EF1095658D0 /* AuthKeyReactor.swift in Sources */,
				C66CE945EC3B50BFE5B3241A /* AuthKeyViewController.swift in Sources */,
				6B865D0DB37E8EE056205520 /* ChangePasswordReactor.swift in Sources */,
				D67BA2949D2268FC846C569F /* ChangePasswordViewController.swift in Sources */,
				3426BDC2163BC6E99CAE3526 /* CheckEmailReactor.swift in Sources */,
				A237C7D722D7CC4A0F6A2280 /* CheckEmailViewController.swift in Sources */,
				E22EFF1299BEC98482A82ABB /* ForgotPasswordReactor.swift in Sources */,
				437B7836981595C35A73B1EB /* ForgotPasswordViewController.swift in Sources */,
				BC96A28034926DB7C3C48125 /* OnBoardingReactor.swift in Sources */,
				FF7B648B273A54AE1571F773 /* OnBoardingViewController.swift in Sources */,
				D46A0BD7484422991C2191DA /* SignInReactor.swift in Sources */,
				DF4C49B3503340514400D72E /* SignInViewController.swift in Sources */,
				D3A333F2D52B5E4CC42C5E88 /* CertificationNumberReactor.swift in Sources */,
				B2476D54C52109FB2C92EE74 /* CertificationNumberViewController.swift in Sources */,
				E1E0DE81D7267DF93C7B1CC9 /* CreateEmailReactor.swift in Sources */,
				96827CE45E2C86812E1D8F0E /* CreateEmailViewController.swift in Sources */,
				34D51E36ED2395B84B77136E /* CreateNicknameReactor.swift in Sources */,
				8B3B0743AEF5FD670479E7EA /* CreateNicknameViewController.swift in Sources */,
				990384752EBDCCB097651F21 /* CreatePwReactor.swift in Sources */,
				02B7F823D1215A368C23E33B /* CreatePwViewController.swift in Sources */,
				0DD3ED676F1E577282D6025C /* SelectThemeCell.swift in Sources */,
				CA16DC34C29DE7EE1B5F580F /* SelectThemeReactor.swift in Sources */,
				46DDB073E2AD4E6AB74CE282 /* CarouselView.swift in Sources */,
				2C5156E3B26678AC5F309A46 /* SeletThemeViewController.swift in Sources */,
				27A338BB3CF1030276044663 /* BaseViewController.swift in Sources */,
				803DECD4BF43A9F4C8008A10 /* BaseViewModel.swift in Sources */,
				EA3ED5738DEEA69CCACC9DE8 /* DailyReactor.swift in Sources */,
				F64DEA2F5E24FA1225BE4661 /* DailyViewController.swift in Sources */,
				2EF442DF5B139338AD219525 /* HomeReactor.swift in Sources */,
				62C1971703D6233991204E44 /* HomeViewController.swift in Sources */,
				0C9BF42F57A3EE38E51F1DDD /* ProfileCollectionCell.swift in Sources */,
				D88A6562F87A10AEC14BB316 /* ProfileViewModel.swift in Sources */,
				E6CD2EC29EEF9D12528BB29B /* ProfileViewController.swift in Sources */,
				5FA433FEC42766B66F8B947C /* DailyTabBar.swift in Sources */,
				DF79617F0AEEA0E72C934FC2 /* ThemeReactor.swift in Sources */,
				293B6D49E612FBF54B2307E2 /* ThemeViewController.swift in Sources */,
				F859A4B7480798F7FD030687 /* SplashViewController.swift in Sources */,
				B2125E987F915838726DE7A2 /* TuistBundle+Daily.swift in Sources */,
			);
			runOnlyForDeploymentPostprocessing = 0;
		};
/* End PBXSourcesBuildPhase section */

/* Begin PBXVariantGroup section */
		8324D0DB7103DB159732C0D7 /* LaunchScreen.storyboard */ = {
			isa = PBXVariantGroup;
			children = (
				587AC24D73A0FB2DFCCC61E5 /* Base */,
			);
			name = LaunchScreen.storyboard;
			sourceTree = "<group>";
		};
/* End PBXVariantGroup section */

/* Begin XCBuildConfiguration section */
		00CE66CC6ED41BE4C1025A1E /* Release */ = {
			isa = XCBuildConfiguration;
			buildSettings = {
				ASSETCATALOG_COMPILER_APPICON_NAME = AppIcon;
				CODE_SIGN_IDENTITY = "iPhone Developer";
				ENABLE_PREVIEWS = YES;
				INFOPLIST_FILE = Daily/Info.plist;
				IPHONEOS_DEPLOYMENT_TARGET = 15.0;
				LD_RUNPATH_SEARCH_PATHS = (
					"$(inherited)",
					"@executable_path/Frameworks",
				);
				PRODUCT_BUNDLE_IDENTIFIER = Minjae.daily;
				PRODUCT_NAME = Daily;
				SDKROOT = iphoneos;
				SUPPORTS_MACCATALYST = NO;
				SWIFT_COMPILATION_MODE = wholemodule;
				SWIFT_OPTIMIZATION_LEVEL = "-Owholemodule";
				SWIFT_VERSION = 5.0;
				TARGETED_DEVICE_FAMILY = "1,2";
			};
			name = Release;
		};
		9223AAC982552A1D3D92EB67 /* Release */ = {
			isa = XCBuildConfiguration;
			buildSettings = {
				ALWAYS_SEARCH_USER_PATHS = NO;
				CLANG_ANALYZER_LOCALIZABILITY_NONLOCALIZED = YES;
				CLANG_ANALYZER_NONNULL = YES;
				CLANG_ANALYZER_NUMBER_OBJECT_CONVERSION = YES_AGGRESSIVE;
				CLANG_CXX_LANGUAGE_STANDARD = "gnu++14";
				CLANG_CXX_LIBRARY = "libc++";
				CLANG_ENABLE_MODULES = YES;
				CLANG_ENABLE_OBJC_ARC = YES;
				CLANG_ENABLE_OBJC_WEAK = YES;
				CLANG_WARN_BLOCK_CAPTURE_AUTORELEASING = YES;
				CLANG_WARN_BOOL_CONVERSION = YES;
				CLANG_WARN_COMMA = YES;
				CLANG_WARN_CONSTANT_CONVERSION = YES;
				CLANG_WARN_DEPRECATED_OBJC_IMPLEMENTATIONS = YES;
				CLANG_WARN_DIRECT_OBJC_ISA_USAGE = YES_ERROR;
				CLANG_WARN_DOCUMENTATION_COMMENTS = YES;
				CLANG_WARN_EMPTY_BODY = YES;
				CLANG_WARN_ENUM_CONVERSION = YES;
				CLANG_WARN_INFINITE_RECURSION = YES;
				CLANG_WARN_INT_CONVERSION = YES;
				CLANG_WARN_NON_LITERAL_NULL_CONVERSION = YES;
				CLANG_WARN_OBJC_IMPLICIT_RETAIN_SELF = YES;
				CLANG_WARN_OBJC_LITERAL_CONVERSION = YES;
				CLANG_WARN_OBJC_ROOT_CLASS = YES_ERROR;
				CLANG_WARN_QUOTED_INCLUDE_IN_FRAMEWORK_HEADER = YES;
				CLANG_WARN_RANGE_LOOP_ANALYSIS = YES;
				CLANG_WARN_STRICT_PROTOTYPES = YES;
				CLANG_WARN_SUSPICIOUS_MOVE = YES;
				CLANG_WARN_UNGUARDED_AVAILABILITY = YES_AGGRESSIVE;
				CLANG_WARN_UNREACHABLE_CODE = YES;
				CLANG_WARN__DUPLICATE_METHOD_MATCH = YES;
				COPY_PHASE_STRIP = NO;
				DEAD_CODE_STRIPPING = YES;
				DEBUG_INFORMATION_FORMAT = "dwarf-with-dsym";
				ENABLE_NS_ASSERTIONS = NO;
				ENABLE_STRICT_OBJC_MSGSEND = YES;
				GCC_C_LANGUAGE_STANDARD = gnu11;
				GCC_NO_COMMON_BLOCKS = YES;
				GCC_WARN_64_TO_32_BIT_CONVERSION = YES;
				GCC_WARN_ABOUT_RETURN_TYPE = YES_ERROR;
				GCC_WARN_UNDECLARED_SELECTOR = YES;
				GCC_WARN_UNINITIALIZED_AUTOS = YES_AGGRESSIVE;
				GCC_WARN_UNUSED_FUNCTION = YES;
				GCC_WARN_UNUSED_VARIABLE = YES;
				MTL_ENABLE_DEBUG_INFO = NO;
				PRODUCT_NAME = "$(TARGET_NAME)";
				VALIDATE_PRODUCT = YES;
			};
			name = Release;
		};
		F1F79BEF58FB6054378B374D /* Debug */ = {
			isa = XCBuildConfiguration;
			buildSettings = {
				ALWAYS_SEARCH_USER_PATHS = NO;
				CLANG_ANALYZER_LOCALIZABILITY_NONLOCALIZED = YES;
				CLANG_ANALYZER_NONNULL = YES;
				CLANG_ANALYZER_NUMBER_OBJECT_CONVERSION = YES_AGGRESSIVE;
				CLANG_CXX_LANGUAGE_STANDARD = "gnu++14";
				CLANG_CXX_LIBRARY = "libc++";
				CLANG_ENABLE_MODULES = YES;
				CLANG_ENABLE_OBJC_ARC = YES;
				CLANG_ENABLE_OBJC_WEAK = YES;
				CLANG_WARN_BLOCK_CAPTURE_AUTORELEASING = YES;
				CLANG_WARN_BOOL_CONVERSION = YES;
				CLANG_WARN_COMMA = YES;
				CLANG_WARN_CONSTANT_CONVERSION = YES;
				CLANG_WARN_DEPRECATED_OBJC_IMPLEMENTATIONS = YES;
				CLANG_WARN_DIRECT_OBJC_ISA_USAGE = YES_ERROR;
				CLANG_WARN_DOCUMENTATION_COMMENTS = YES;
				CLANG_WARN_EMPTY_BODY = YES;
				CLANG_WARN_ENUM_CONVERSION = YES;
				CLANG_WARN_INFINITE_RECURSION = YES;
				CLANG_WARN_INT_CONVERSION = YES;
				CLANG_WARN_NON_LITERAL_NULL_CONVERSION = YES;
				CLANG_WARN_OBJC_IMPLICIT_RETAIN_SELF = YES;
				CLANG_WARN_OBJC_LITERAL_CONVERSION = YES;
				CLANG_WARN_OBJC_ROOT_CLASS = YES_ERROR;
				CLANG_WARN_QUOTED_INCLUDE_IN_FRAMEWORK_HEADER = YES;
				CLANG_WARN_RANGE_LOOP_ANALYSIS = YES;
				CLANG_WARN_STRICT_PROTOTYPES = YES;
				CLANG_WARN_SUSPICIOUS_MOVE = YES;
				CLANG_WARN_UNGUARDED_AVAILABILITY = YES_AGGRESSIVE;
				CLANG_WARN_UNREACHABLE_CODE = YES;
				CLANG_WARN__DUPLICATE_METHOD_MATCH = YES;
				COPY_PHASE_STRIP = NO;
				DEAD_CODE_STRIPPING = YES;
				DEBUG_INFORMATION_FORMAT = dwarf;
				ENABLE_STRICT_OBJC_MSGSEND = YES;
				ENABLE_TESTABILITY = YES;
				GCC_C_LANGUAGE_STANDARD = gnu11;
				GCC_DYNAMIC_NO_PIC = NO;
				GCC_NO_COMMON_BLOCKS = YES;
				GCC_OPTIMIZATION_LEVEL = 0;
				GCC_PREPROCESSOR_DEFINITIONS = (
					"DEBUG=1",
					"$(inherited)",
				);
				GCC_WARN_64_TO_32_BIT_CONVERSION = YES;
				GCC_WARN_ABOUT_RETURN_TYPE = YES_ERROR;
				GCC_WARN_UNDECLARED_SELECTOR = YES;
				GCC_WARN_UNINITIALIZED_AUTOS = YES_AGGRESSIVE;
				GCC_WARN_UNUSED_FUNCTION = YES;
				GCC_WARN_UNUSED_VARIABLE = YES;
				MTL_ENABLE_DEBUG_INFO = YES;
				ONLY_ACTIVE_ARCH = YES;
				PRODUCT_NAME = "$(TARGET_NAME)";
			};
			name = Debug;
		};
		F6BF9F57701F94DCE35133BE /* Debug */ = {
			isa = XCBuildConfiguration;
			buildSettings = {
				ASSETCATALOG_COMPILER_APPICON_NAME = AppIcon;
				CODE_SIGN_IDENTITY = "iPhone Developer";
				ENABLE_PREVIEWS = YES;
				INFOPLIST_FILE = Daily/Info.plist;
				IPHONEOS_DEPLOYMENT_TARGET = 15.0;
				LD_RUNPATH_SEARCH_PATHS = (
					"$(inherited)",
					"@executable_path/Frameworks",
				);
				PRODUCT_BUNDLE_IDENTIFIER = Minjae.daily;
				PRODUCT_NAME = Daily;
				SDKROOT = iphoneos;
				SUPPORTS_MACCATALYST = NO;
				SWIFT_ACTIVE_COMPILATION_CONDITIONS = DEBUG;
				SWIFT_COMPILATION_MODE = singlefile;
				SWIFT_OPTIMIZATION_LEVEL = "-Onone";
				SWIFT_VERSION = 5.0;
				TARGETED_DEVICE_FAMILY = "1,2";
			};
			name = Debug;
		};
/* End XCBuildConfiguration section */

/* Begin XCConfigurationList section */
		410AFE56BAD5DEE44DA90776 /* Build configuration list for PBXNativeTarget "Daily" */ = {
			isa = XCConfigurationList;
			buildConfigurations = (
				F6BF9F57701F94DCE35133BE /* Debug */,
				00CE66CC6ED41BE4C1025A1E /* Release */,
			);
			defaultConfigurationIsVisible = 0;
			defaultConfigurationName = Release;
		};
		A44BFB2ED6C04BB88C116CC5 /* Build configuration list for PBXProject "Daily" */ = {
			isa = XCConfigurationList;
			buildConfigurations = (
				F1F79BEF58FB6054378B374D /* Debug */,
				9223AAC982552A1D3D92EB67 /* Release */,
			);
			defaultConfigurationIsVisible = 0;
			defaultConfigurationName = Release;
		};
/* End XCConfigurationList section */

/* Begin XCRemoteSwiftPackageReference section */
		0726E4744DD128002FB13089 /* XCRemoteSwiftPackageReference "ReactorKit" */ = {
			isa = XCRemoteSwiftPackageReference;
			repositoryURL = "https://github.com/ReactorKit/ReactorKit.git";
			requirement = {
				kind = upToNextMajorVersion;
				minimumVersion = 3.2.0;
			};
		};
		475B9453EB5FEBE53AF5D9A6 /* XCRemoteSwiftPackageReference "RxSwift" */ = {
			isa = XCRemoteSwiftPackageReference;
			repositoryURL = "https://github.com/ReactiveX/RxSwift.git";
			requirement = {
				kind = upToNextMajorVersion;
				minimumVersion = 6.6.0;
			};
		};
		76CE169ADBADA8C2967EACD0 /* XCRemoteSwiftPackageReference "Gifu" */ = {
			isa = XCRemoteSwiftPackageReference;
			repositoryURL = "https://github.com/kaishin/Gifu.git";
			requirement = {
				kind = upToNextMajorVersion;
				minimumVersion = 3.2.2;
			};
		};
		881177A00BFDD1841E3BFCAA /* XCRemoteSwiftPackageReference "Moya" */ = {
			isa = XCRemoteSwiftPackageReference;
			repositoryURL = "https://github.com/Moya/Moya.git";
			requirement = {
				kind = upToNextMajorVersion;
				minimumVersion = 15.0.0;
			};
		};
		8C24D5EF689C10D45D45312F /* XCRemoteSwiftPackageReference "RxFlow" */ = {
			isa = XCRemoteSwiftPackageReference;
			repositoryURL = "https://github.com/RxSwiftCommunity/RxFlow.git";
			requirement = {
				kind = upToNextMajorVersion;
				minimumVersion = 2.10.0;
			};
		};
		912944AECAE24E8FF3AE31DF /* XCRemoteSwiftPackageReference "SnapKit" */ = {
			isa = XCRemoteSwiftPackageReference;
			repositoryURL = "https://github.com/SnapKit/SnapKit.git";
			requirement = {
				kind = upToNextMajorVersion;
				minimumVersion = 5.0.1;
			};
		};
		AAC6C13F1F6A70D346B2DF15 /* XCRemoteSwiftPackageReference "ViewAnimator" */ = {
			isa = XCRemoteSwiftPackageReference;
			repositoryURL = "https://github.com/marcosgriselli/ViewAnimator.git";
			requirement = {
				kind = upToNextMajorVersion;
				minimumVersion = 3.1.0;
			};
		};
		BAA72EE2A3969BEF86ED86A8 /* XCRemoteSwiftPackageReference "Kingfisher" */ = {
			isa = XCRemoteSwiftPackageReference;
			repositoryURL = "https://github.com/onevcat/Kingfisher.git";
			requirement = {
				kind = upToNextMajorVersion;
				minimumVersion = 7.0.0;
			};
		};
		EF844B7385BEA201EAD5E96F /* XCRemoteSwiftPackageReference "Then" */ = {
			isa = XCRemoteSwiftPackageReference;
			repositoryURL = "https://github.com/devxoul/Then";
			requirement = {
				kind = upToNextMajorVersion;
				minimumVersion = 2.0.0;
			};
		};
		F568D5F7AC382FF22F1732AC /* XCRemoteSwiftPackageReference "DPOTPView" */ = {
			isa = XCRemoteSwiftPackageReference;
			repositoryURL = "https://github.com/Datt1994/DPOTPView.git";
			requirement = {
				kind = exactVersion;
				version = 1.5.12;
			};
		};
		FB6CD075535AD213166EEE2A /* XCRemoteSwiftPackageReference "FSCalendar" */ = {
			isa = XCRemoteSwiftPackageReference;
			repositoryURL = "https://github.com/WenchaoD/FSCalendar.git";
			requirement = {
				kind = upToNextMajorVersion;
				minimumVersion = 2.8.3;
			};
		};
/* End XCRemoteSwiftPackageReference section */

/* Begin XCSwiftPackageProductDependency section */
		0EE2BFB6B1FFC4DD59F77760 /* Then */ = {
			isa = XCSwiftPackageProductDependency;
			productName = Then;
		};
		100E0E2FD6BCA0172A174941 /* Kingfisher */ = {
			isa = XCSwiftPackageProductDependency;
			productName = Kingfisher;
		};
		255BCA0FD915A2805B951C2A /* RxSwift */ = {
			isa = XCSwiftPackageProductDependency;
			productName = RxSwift;
		};
		51B01435703480FC39DE3E9C /* FSCalendar */ = {
			isa = XCSwiftPackageProductDependency;
			productName = FSCalendar;
		};
		66D08F3741D6118D193CE504 /* SnapKit */ = {
			isa = XCSwiftPackageProductDependency;
			productName = SnapKit;
		};
		7B0E7E4FD34A5E2006417002 /* Moya */ = {
			isa = XCSwiftPackageProductDependency;
			productName = Moya;
		};
		7B980D196817B225807FC212 /* Gifu */ = {
			isa = XCSwiftPackageProductDependency;
			productName = Gifu;
		};
		9AE731B5115163D71F930804 /* RxFlow */ = {
			isa = XCSwiftPackageProductDependency;
			productName = RxFlow;
		};
		A55F0EF0AE24D58962844ED8 /* ViewAnimator */ = {
			isa = XCSwiftPackageProductDependency;
			productName = ViewAnimator;
		};
		C7591A3CDDC1B7C10E1645F1 /* DPOTPView */ = {
			isa = XCSwiftPackageProductDependency;
			productName = DPOTPView;
		};
		D11761700097E8119C86D39D /* RxCocoa */ = {
			isa = XCSwiftPackageProductDependency;
			productName = RxCocoa;
		};
		FD998E7EB432C259C47421AB /* ReactorKit */ = {
			isa = XCSwiftPackageProductDependency;
			productName = ReactorKit;
		};
/* End XCSwiftPackageProductDependency section */
	};
	rootObject = 1E8050E2EBF4B3BCFF5AF9D5 /* Project object */;
}
