// !$*UTF8*$!
{
	archiveVersion = 1;
	classes = {
	};
	objectVersion = 55;
	objects = {

/* Begin PBXBuildFile section */
		0340C91C2259FB5C2DC28209 /* RxFlow in Frameworks */ = {isa = PBXBuildFile; productRef = 9AE731B5115163D71F930804 /* RxFlow */; };
		04DE32C746A197AEB7877C3D /* LaunchScreen.storyboard in Resources */ = {isa = PBXBuildFile; fileRef = 8324D0DB7103DB159732C0D7 /* LaunchScreen.storyboard */; };
		10DA4DE16AD7091C2FD6B00B /* DailyCalender.swift in Sources */ = {isa = PBXBuildFile; fileRef = 723C41F93E033BFAABCAB01E /* DailyCalender.swift */; };
		12B50F16246ED1737C807036 /* ChoiceThemeRequest.swift in Sources */ = {isa = PBXBuildFile; fileRef = C1B1573ED04078586896C692 /* ChoiceThemeRequest.swift */; };
		12D12D45A29ACEC07E085197 /* MainFlow.swift in Sources */ = {isa = PBXBuildFile; fileRef = B1FDE16182F588DC05C7FCBB /* MainFlow.swift */; };
		1C4177A7E549AA8BE5E40864 /* ViewAnimator in Frameworks */ = {isa = PBXBuildFile; productRef = A55F0EF0AE24D58962844ED8 /* ViewAnimator */; };
		1C671F513A7CAB6507960D41 /* ProfileViewModel.swift in Sources */ = {isa = PBXBuildFile; fileRef = 372508B85DA90671607AA311 /* ProfileViewModel.swift */; };
		1E546479FE8369BF32FDF0F3 /* WriteDiaryRequest.swift in Sources */ = {isa = PBXBuildFile; fileRef = FAF998D3E1CB85699F4819DC /* WriteDiaryRequest.swift */; };
		27A338BB3CF1030276044663 /* BaseViewController.swift in Sources */ = {isa = PBXBuildFile; fileRef = D23B51E639CC25049DDD8D2B /* BaseViewController.swift */; };
		2E592C2094EDCD847E834EBB /* TabBarFlow.swift in Sources */ = {isa = PBXBuildFile; fileRef = 691765455429189503736CAB /* TabBarFlow.swift */; };
		2EED616CF9380AEBA12344ED /* Gifu in Frameworks */ = {isa = PBXBuildFile; productRef = 7B980D196817B225807FC212 /* Gifu */; };
		3071982F84D51544109B3D13 /* ThemeRequest.swift in Sources */ = {isa = PBXBuildFile; fileRef = D849385038CC481A806C8791 /* ThemeRequest.swift */; };
		340D590100F51E55ACE1A938 /* SplashViewController.swift in Sources */ = {isa = PBXBuildFile; fileRef = F92C5ADB10F27E9FD7451C4D /* SplashViewController.swift */; };
		3F94CEFBD2B923E3F9D9B367 /* TextField.swift in Sources */ = {isa = PBXBuildFile; fileRef = 03C36085B09A07286B92865E /* TextField.swift */; };
		41DC51C5016C0264164861F8 /* OnBoardingViewController.swift in Sources */ = {isa = PBXBuildFile; fileRef = A7CCA2674189205F22F07061 /* OnBoardingViewController.swift */; };
		42014340486942BB4AAA6E6D /* SelectThemeReactor.swift in Sources */ = {isa = PBXBuildFile; fileRef = 92CBC73FBF62BA7B7F9C0B20 /* SelectThemeReactor.swift */; };
		458D173786CA86E9809E5301 /* DPOTPView in Frameworks */ = {isa = PBXBuildFile; productRef = C7591A3CDDC1B7C10E1645F1 /* DPOTPView */; };
		4797DBC2FDBB7794AC8ABF7C /* OnBoardingReactor.swift in Sources */ = {isa = PBXBuildFile; fileRef = 3A69B6776C444F00063BC00D /* OnBoardingReactor.swift */; };
		4A6BC1D80EB9D1514254CEC5 /* Moya in Frameworks */ = {isa = PBXBuildFile; productRef = 7B0E7E4FD34A5E2006417002 /* Moya */; };
		4BCE8D0B8C9D760E1A32DAC6 /* Then in Frameworks */ = {isa = PBXBuildFile; productRef = 0EE2BFB6B1FFC4DD59F77760 /* Then */; };
		51C543B22AD9756D0E2BBF2E /* SceneDelegate.swift in Sources */ = {isa = PBXBuildFile; fileRef = 7BDF702CDE698C974C9FB69D /* SceneDelegate.swift */; };
		687D364044989AFA73626E77 /* BaseURL.swift in Sources */ = {isa = PBXBuildFile; fileRef = A7FCC0B9AC77F3B3797D6C85 /* BaseURL.swift */; };
		6FAED19DB17CC8A580DDAB18 /* SelectThemeCell.swift in Sources */ = {isa = PBXBuildFile; fileRef = D051FBF71347C271B5208C08 /* SelectThemeCell.swift */; };
		761B5290D02DFB391BF44F6D /* DiaryReactor.swift in Sources */ = {isa = PBXBuildFile; fileRef = 801692C7B4E6AD8DB593991A /* DiaryReactor.swift */; };
		770B75C653CDD09B55534979 /* ThemeFlow.swift in Sources */ = {isa = PBXBuildFile; fileRef = DB6B509E8AFB8AE641211797 /* ThemeFlow.swift */; };
		774583222AAED73700A7DA0B /* AccountSetInfoModel.swift in Sources */ = {isa = PBXBuildFile; fileRef = 774583212AAED73700A7DA0B /* AccountSetInfoModel.swift */; };
		775B90D7A88E41AE0B8CCC5A /* DailyShadow.swift in Sources */ = {isa = PBXBuildFile; fileRef = 159E6EE1B67593190AA2EFC9 /* DailyShadow.swift */; };
		803DECD4BF43A9F4C8008A10 /* BaseViewModel.swift in Sources */ = {isa = PBXBuildFile; fileRef = 2E6DB005517E31D0576CCB85 /* BaseViewModel.swift */; };
		842BFE42EBAEB7F3037589D1 /* LoginFlow.swift in Sources */ = {isa = PBXBuildFile; fileRef = 8DE7F77A01A54D5BEB82D939 /* LoginFlow.swift */; };
		89108FC833CD38A5BD9EB926 /* ThemeReactor.swift in Sources */ = {isa = PBXBuildFile; fileRef = C7141189190E3E980525F57F /* ThemeReactor.swift */; };
		8C77FD650CE1F6F136A40F76 /* ReactorKit in Frameworks */ = {isa = PBXBuildFile; productRef = FD998E7EB432C259C47421AB /* ReactorKit */; };
		8EC23D2BAE5ED0202C8333AD /* DailyNavigation.swift in Sources */ = {isa = PBXBuildFile; fileRef = 4AA1BE3F3C3FBCE308D3C4DB /* DailyNavigation.swift */; };
		9047D3D8CF023128BD90E307 /* DailyButton.swift in Sources */ = {isa = PBXBuildFile; fileRef = B033F59AE037C8A84FBDC915 /* DailyButton.swift */; };
		989F8E60271907C3692AB6F6 /* AppFlow.swift in Sources */ = {isa = PBXBuildFile; fileRef = 85477FFC6164F75CBA4021DB /* AppFlow.swift */; };
		9B7509B47F6EC65F46F35260 /* Button.swift in Sources */ = {isa = PBXBuildFile; fileRef = 0C18C33A2C3173B66C7E4537 /* Button.swift */; };
		A0B9F58929C2A59DB2B3983C /* DiaryViewController.swift in Sources */ = {isa = PBXBuildFile; fileRef = 50797FBBEC981CDF285ED34D /* DiaryViewController.swift */; };
		A5C23E64BB0EF53D774A68F2 /* RxSwift in Frameworks */ = {isa = PBXBuildFile; productRef = 255BCA0FD915A2805B951C2A /* RxSwift */; };
		A65FCD0B212AFC0BF70AA0B0 /* ProfileViewController.swift in Sources */ = {isa = PBXBuildFile; fileRef = DEBC81D02546DE54EA44A518 /* ProfileViewController.swift */; };
		A724FB31F26D80030ADA7A57 /* AppDelegate.swift in Sources */ = {isa = PBXBuildFile; fileRef = 3118197F6E1AD10FB65EA918 /* AppDelegate.swift */; };
		ACCF94C2135D0E2F04218820 /* DailyTextField.swift in Sources */ = {isa = PBXBuildFile; fileRef = CA72DF96186CC09B8B01171B /* DailyTextField.swift */; };
		AE767DF37DCD34564B8C2789 /* AuthServices.swift in Sources */ = {isa = PBXBuildFile; fileRef = 8EA185EF9995B96FD3A0CF29 /* AuthServices.swift */; };
		AF5A38F0A233372013DB1F11 /* AccountServices.swift in Sources */ = {isa = PBXBuildFile; fileRef = 84EF7EF34450A3B39DDAD783 /* AccountServices.swift */; };
		B07B5846C81EB0FCE7EAD133 /* DailyStep.swift in Sources */ = {isa = PBXBuildFile; fileRef = FC057C128492F249CF21E001 /* DailyStep.swift */; };
		B2125E987F915838726DE7A2 /* TuistBundle+Daily.swift in Sources */ = {isa = PBXBuildFile; fileRef = 7E9E2452332D073464A62EA3 /* TuistBundle+Daily.swift */; };
		B3DFF1102B0A426EB2F483B2 /* DailyTabBar.swift in Sources */ = {isa = PBXBuildFile; fileRef = E2FCC1C09B8122D1AB4E5F20 /* DailyTabBar.swift */; };
		B7C61BB5F8A714D3ACB8753A /* Assets.xcassets in Resources */ = {isa = PBXBuildFile; fileRef = 1FBA1ABED08AF315EBF6171B /* Assets.xcassets */; };
		BEA1C7183C42C34574E46D95 /* ThemeCountModel.swift in Sources */ = {isa = PBXBuildFile; fileRef = BFCB5F8F4115B208C9DF6641 /* ThemeCountModel.swift */; };
		C3B145050924810F0BCDEEF9 /* ProfileCollectionCell.swift in Sources */ = {isa = PBXBuildFile; fileRef = 185AD60E6CB2818FFC0434F3 /* ProfileCollectionCell.swift */; };
		C985F4CC767345BBE9694346 /* ProfileFlow.swift in Sources */ = {isa = PBXBuildFile; fileRef = 1403CF8BA97065FFAEB71CAF /* ProfileFlow.swift */; };
		C993B6C8FA9E8239ED72639B /* DailyColor.swift in Sources */ = {isa = PBXBuildFile; fileRef = 24FE542FC0C3C3AD32AFCAED /* DailyColor.swift */; };
		C9B81DB2365837538F44D14A /* FSCalendar in Frameworks */ = {isa = PBXBuildFile; productRef = 51B01435703480FC39DE3E9C /* FSCalendar */; };
		CB474453BC1FA453AD063427 /* SignInWithAppleModel.swift in Sources */ = {isa = PBXBuildFile; fileRef = 76AEBD00DF82679D8E13F1DD /* SignInWithAppleModel.swift */; };
		D1323610636367664A722702 /* DiaryServices.swift in Sources */ = {isa = PBXBuildFile; fileRef = C6E886E3B0D097D503F8D46C /* DiaryServices.swift */; };
		DC63607FA6387854D56C49E8 /* HomeReactor.swift in Sources */ = {isa = PBXBuildFile; fileRef = A7A60FCC1A211C55CE1AAF3D /* HomeReactor.swift */; };
		DD13DE036C2016F453C5773D /* DailyKeychain.swift in Sources */ = {isa = PBXBuildFile; fileRef = 9E01E2014B2F448D31F4AE16 /* DailyKeychain.swift */; };
		E32E6BD16E2E443806A7877C /* HomeViewController.swift in Sources */ = {isa = PBXBuildFile; fileRef = 95CC6DC6367E4933A486E223 /* HomeViewController.swift */; };
		E579EE831A3B930382FCEE8A /* RxCocoa in Frameworks */ = {isa = PBXBuildFile; productRef = D11761700097E8119C86D39D /* RxCocoa */; };
		E9ABD483E93DF1BE080114D3 /* Kingfisher in Frameworks */ = {isa = PBXBuildFile; productRef = 100E0E2FD6BCA0172A174941 /* Kingfisher */; };
		EAFFFF89A05442D0A9FB55CD /* CarouselView.swift in Sources */ = {isa = PBXBuildFile; fileRef = 517485ECF222E05856BC39DC /* CarouselView.swift */; };
		EC9269C6F36A1561D1A7C011 /* SeletThemeViewController.swift in Sources */ = {isa = PBXBuildFile; fileRef = ED87BB4C1C4633A4106C73FB /* SeletThemeViewController.swift */; };
		EE74E4A783C093551488CA13 /* DailyLabel.swift in Sources */ = {isa = PBXBuildFile; fileRef = 7613E67DB841A75A4075F4CF /* DailyLabel.swift */; };
		F2353E92853E03E0EFA03E29 /* SnapKit in Frameworks */ = {isa = PBXBuildFile; productRef = 66D08F3741D6118D193CE504 /* SnapKit */; };
		F821321777B08259B47B26B0 /* ThemeViewController.swift in Sources */ = {isa = PBXBuildFile; fileRef = 52B72D0F483C6710F23AB70B /* ThemeViewController.swift */; };
/* End PBXBuildFile section */

/* Begin PBXCopyFilesBuildPhase section */
		DCA3E913CC39D45E9931C14C /* Embed Frameworks */ = {
			isa = PBXCopyFilesBuildPhase;
			buildActionMask = 2147483647;
			dstPath = "";
			dstSubfolderSpec = 10;
			files = (
			);
			name = "Embed Frameworks";
			runOnlyForDeploymentPostprocessing = 0;
		};
/* End PBXCopyFilesBuildPhase section */

/* Begin PBXFileReference section */
		03C36085B09A07286B92865E /* TextField.swift */ = {isa = PBXFileReference; lastKnownFileType = sourcecode.swift; path = TextField.swift; sourceTree = "<group>"; };
		0C18C33A2C3173B66C7E4537 /* Button.swift */ = {isa = PBXFileReference; lastKnownFileType = sourcecode.swift; path = Button.swift; sourceTree = "<group>"; };
		1403CF8BA97065FFAEB71CAF /* ProfileFlow.swift */ = {isa = PBXFileReference; lastKnownFileType = sourcecode.swift; path = ProfileFlow.swift; sourceTree = "<group>"; };
		159E6EE1B67593190AA2EFC9 /* DailyShadow.swift */ = {isa = PBXFileReference; lastKnownFileType = sourcecode.swift; path = DailyShadow.swift; sourceTree = "<group>"; };
		185AD60E6CB2818FFC0434F3 /* ProfileCollectionCell.swift */ = {isa = PBXFileReference; lastKnownFileType = sourcecode.swift; path = ProfileCollectionCell.swift; sourceTree = "<group>"; };
		1FBA1ABED08AF315EBF6171B /* Assets.xcassets */ = {isa = PBXFileReference; lastKnownFileType = folder.assetcatalog; path = Assets.xcassets; sourceTree = "<group>"; };
		24FE542FC0C3C3AD32AFCAED /* DailyColor.swift */ = {isa = PBXFileReference; lastKnownFileType = sourcecode.swift; path = DailyColor.swift; sourceTree = "<group>"; };
		2E6DB005517E31D0576CCB85 /* BaseViewModel.swift */ = {isa = PBXFileReference; lastKnownFileType = sourcecode.swift; path = BaseViewModel.swift; sourceTree = "<group>"; };
		3118197F6E1AD10FB65EA918 /* AppDelegate.swift */ = {isa = PBXFileReference; lastKnownFileType = sourcecode.swift; path = AppDelegate.swift; sourceTree = "<group>"; };
		34B4F90512BF917D01E27818 /* Daily.app */ = {isa = PBXFileReference; explicitFileType = wrapper.application; includeInIndex = 0; path = Daily.app; sourceTree = BUILT_PRODUCTS_DIR; };
		372508B85DA90671607AA311 /* ProfileViewModel.swift */ = {isa = PBXFileReference; lastKnownFileType = sourcecode.swift; path = ProfileViewModel.swift; sourceTree = "<group>"; };
		3A69B6776C444F00063BC00D /* OnBoardingReactor.swift */ = {isa = PBXFileReference; lastKnownFileType = sourcecode.swift; path = OnBoardingReactor.swift; sourceTree = "<group>"; };
		4AA1BE3F3C3FBCE308D3C4DB /* DailyNavigation.swift */ = {isa = PBXFileReference; lastKnownFileType = sourcecode.swift; path = DailyNavigation.swift; sourceTree = "<group>"; };
		50797FBBEC981CDF285ED34D /* DiaryViewController.swift */ = {isa = PBXFileReference; lastKnownFileType = sourcecode.swift; path = DiaryViewController.swift; sourceTree = "<group>"; };
		517485ECF222E05856BC39DC /* CarouselView.swift */ = {isa = PBXFileReference; lastKnownFileType = sourcecode.swift; path = CarouselView.swift; sourceTree = "<group>"; };
		52B72D0F483C6710F23AB70B /* ThemeViewController.swift */ = {isa = PBXFileReference; lastKnownFileType = sourcecode.swift; path = ThemeViewController.swift; sourceTree = "<group>"; };
		587AC24D73A0FB2DFCCC61E5 /* Base */ = {isa = PBXFileReference; lastKnownFileType = file.storyboard; name = Base; path = Base.lproj/LaunchScreen.storyboard; sourceTree = "<group>"; };
		691765455429189503736CAB /* TabBarFlow.swift */ = {isa = PBXFileReference; lastKnownFileType = sourcecode.swift; path = TabBarFlow.swift; sourceTree = "<group>"; };
		723C41F93E033BFAABCAB01E /* DailyCalender.swift */ = {isa = PBXFileReference; lastKnownFileType = sourcecode.swift; path = DailyCalender.swift; sourceTree = "<group>"; };
		7613E67DB841A75A4075F4CF /* DailyLabel.swift */ = {isa = PBXFileReference; lastKnownFileType = sourcecode.swift; path = DailyLabel.swift; sourceTree = "<group>"; };
		76AEBD00DF82679D8E13F1DD /* SignInWithAppleModel.swift */ = {isa = PBXFileReference; lastKnownFileType = sourcecode.swift; path = SignInWithAppleModel.swift; sourceTree = "<group>"; };
		774583202AAEAC5D00A7DA0B /* Daily.entitlements */ = {isa = PBXFileReference; lastKnownFileType = text.plist.entitlements; name = Daily.entitlements; path = Daily/Daily.entitlements; sourceTree = "<group>"; };
		774583212AAED73700A7DA0B /* AccountSetInfoModel.swift */ = {isa = PBXFileReference; lastKnownFileType = sourcecode.swift; name = AccountSetInfoModel.swift; path = daily/Sources/Data/Model/Account/AccountSetInfoModel.swift; sourceTree = SOURCE_ROOT; };
		7BDF702CDE698C974C9FB69D /* SceneDelegate.swift */ = {isa = PBXFileReference; lastKnownFileType = sourcecode.swift; path = SceneDelegate.swift; sourceTree = "<group>"; };
		7E9E2452332D073464A62EA3 /* TuistBundle+Daily.swift */ = {isa = PBXFileReference; lastKnownFileType = sourcecode.swift; path = "TuistBundle+Daily.swift"; sourceTree = "<group>"; };
		801692C7B4E6AD8DB593991A /* DiaryReactor.swift */ = {isa = PBXFileReference; lastKnownFileType = sourcecode.swift; path = DiaryReactor.swift; sourceTree = "<group>"; };
		84EF7EF34450A3B39DDAD783 /* AccountServices.swift */ = {isa = PBXFileReference; lastKnownFileType = sourcecode.swift; path = AccountServices.swift; sourceTree = "<group>"; };
		85477FFC6164F75CBA4021DB /* AppFlow.swift */ = {isa = PBXFileReference; lastKnownFileType = sourcecode.swift; path = AppFlow.swift; sourceTree = "<group>"; };
		8BE91FA13FF4F0615B858F6B /* Info.plist */ = {isa = PBXFileReference; lastKnownFileType = text.plist; path = Info.plist; sourceTree = "<group>"; };
		8DE7F77A01A54D5BEB82D939 /* LoginFlow.swift */ = {isa = PBXFileReference; lastKnownFileType = sourcecode.swift; path = LoginFlow.swift; sourceTree = "<group>"; };
		8EA185EF9995B96FD3A0CF29 /* AuthServices.swift */ = {isa = PBXFileReference; lastKnownFileType = sourcecode.swift; path = AuthServices.swift; sourceTree = "<group>"; };
		92CBC73FBF62BA7B7F9C0B20 /* SelectThemeReactor.swift */ = {isa = PBXFileReference; lastKnownFileType = sourcecode.swift; path = SelectThemeReactor.swift; sourceTree = "<group>"; };
		95CC6DC6367E4933A486E223 /* HomeViewController.swift */ = {isa = PBXFileReference; lastKnownFileType = sourcecode.swift; path = HomeViewController.swift; sourceTree = "<group>"; };
		9E01E2014B2F448D31F4AE16 /* DailyKeychain.swift */ = {isa = PBXFileReference; lastKnownFileType = sourcecode.swift; path = DailyKeychain.swift; sourceTree = "<group>"; };
		A7A60FCC1A211C55CE1AAF3D /* HomeReactor.swift */ = {isa = PBXFileReference; lastKnownFileType = sourcecode.swift; path = HomeReactor.swift; sourceTree = "<group>"; };
		A7CCA2674189205F22F07061 /* OnBoardingViewController.swift */ = {isa = PBXFileReference; lastKnownFileType = sourcecode.swift; path = OnBoardingViewController.swift; sourceTree = "<group>"; };
		A7FCC0B9AC77F3B3797D6C85 /* BaseURL.swift */ = {isa = PBXFileReference; lastKnownFileType = sourcecode.swift; path = BaseURL.swift; sourceTree = "<group>"; };
		B033F59AE037C8A84FBDC915 /* DailyButton.swift */ = {isa = PBXFileReference; lastKnownFileType = sourcecode.swift; path = DailyButton.swift; sourceTree = "<group>"; };
		B1FDE16182F588DC05C7FCBB /* MainFlow.swift */ = {isa = PBXFileReference; lastKnownFileType = sourcecode.swift; path = MainFlow.swift; sourceTree = "<group>"; };
		BFCB5F8F4115B208C9DF6641 /* ThemeCountModel.swift */ = {isa = PBXFileReference; lastKnownFileType = sourcecode.swift; path = ThemeCountModel.swift; sourceTree = "<group>"; };
		C1B1573ED04078586896C692 /* ChoiceThemeRequest.swift */ = {isa = PBXFileReference; lastKnownFileType = sourcecode.swift; path = ChoiceThemeRequest.swift; sourceTree = "<group>"; };
		C6E886E3B0D097D503F8D46C /* DiaryServices.swift */ = {isa = PBXFileReference; lastKnownFileType = sourcecode.swift; path = DiaryServices.swift; sourceTree = "<group>"; };
		C7141189190E3E980525F57F /* ThemeReactor.swift */ = {isa = PBXFileReference; lastKnownFileType = sourcecode.swift; path = ThemeReactor.swift; sourceTree = "<group>"; };
		CA72DF96186CC09B8B01171B /* DailyTextField.swift */ = {isa = PBXFileReference; lastKnownFileType = sourcecode.swift; path = DailyTextField.swift; sourceTree = "<group>"; };
		D051FBF71347C271B5208C08 /* SelectThemeCell.swift */ = {isa = PBXFileReference; lastKnownFileType = sourcecode.swift; path = SelectThemeCell.swift; sourceTree = "<group>"; };
		D23B51E639CC25049DDD8D2B /* BaseViewController.swift */ = {isa = PBXFileReference; lastKnownFileType = sourcecode.swift; path = BaseViewController.swift; sourceTree = "<group>"; };
		D849385038CC481A806C8791 /* ThemeRequest.swift */ = {isa = PBXFileReference; lastKnownFileType = sourcecode.swift; path = ThemeRequest.swift; sourceTree = "<group>"; };
		DB6B509E8AFB8AE641211797 /* ThemeFlow.swift */ = {isa = PBXFileReference; lastKnownFileType = sourcecode.swift; path = ThemeFlow.swift; sourceTree = "<group>"; };
		DEBC81D02546DE54EA44A518 /* ProfileViewController.swift */ = {isa = PBXFileReference; lastKnownFileType = sourcecode.swift; path = ProfileViewController.swift; sourceTree = "<group>"; };
		E2FCC1C09B8122D1AB4E5F20 /* DailyTabBar.swift */ = {isa = PBXFileReference; lastKnownFileType = sourcecode.swift; path = DailyTabBar.swift; sourceTree = "<group>"; };
		ED87BB4C1C4633A4106C73FB /* SeletThemeViewController.swift */ = {isa = PBXFileReference; lastKnownFileType = sourcecode.swift; path = SeletThemeViewController.swift; sourceTree = "<group>"; };
		F92C5ADB10F27E9FD7451C4D /* SplashViewController.swift */ = {isa = PBXFileReference; lastKnownFileType = sourcecode.swift; path = SplashViewController.swift; sourceTree = "<group>"; };
		FAF998D3E1CB85699F4819DC /* WriteDiaryRequest.swift */ = {isa = PBXFileReference; lastKnownFileType = sourcecode.swift; path = WriteDiaryRequest.swift; sourceTree = "<group>"; };
		FC057C128492F249CF21E001 /* DailyStep.swift */ = {isa = PBXFileReference; lastKnownFileType = sourcecode.swift; path = DailyStep.swift; sourceTree = "<group>"; };
/* End PBXFileReference section */

/* Begin PBXFrameworksBuildPhase section */
		F2C1EA614C355B5520CB92AB /* Frameworks */ = {
			isa = PBXFrameworksBuildPhase;
			buildActionMask = 2147483647;
			files = (
				0340C91C2259FB5C2DC28209 /* RxFlow in Frameworks */,
				A5C23E64BB0EF53D774A68F2 /* RxSwift in Frameworks */,
				E579EE831A3B930382FCEE8A /* RxCocoa in Frameworks */,
				F2353E92853E03E0EFA03E29 /* SnapKit in Frameworks */,
				4BCE8D0B8C9D760E1A32DAC6 /* Then in Frameworks */,
				4A6BC1D80EB9D1514254CEC5 /* Moya in Frameworks */,
				E9ABD483E93DF1BE080114D3 /* Kingfisher in Frameworks */,
				8C77FD650CE1F6F136A40F76 /* ReactorKit in Frameworks */,
				1C4177A7E549AA8BE5E40864 /* ViewAnimator in Frameworks */,
				C9B81DB2365837538F44D14A /* FSCalendar in Frameworks */,
				2EED616CF9380AEBA12344ED /* Gifu in Frameworks */,
				458D173786CA86E9809E5301 /* DPOTPView in Frameworks */,
			);
			runOnlyForDeploymentPostprocessing = 0;
		};
/* End PBXFrameworksBuildPhase section */

/* Begin PBXGroup section */
		0037BA419F526D94134F56E5 /* Reactor */ = {
			isa = PBXGroup;
			children = (
				C7141189190E3E980525F57F /* ThemeReactor.swift */,
			);
			path = Reactor;
			sourceTree = "<group>";
		};
		009304C287E8940E86181DEF /* Profile */ = {
			isa = PBXGroup;
			children = (
				7F1983844583C84B63B3709C /* Cell */,
				4BB1F2EE0D0EBE7EB85AD2AE /* Reactor */,
				1BD45BCF0EA1BCEAF31F56E2 /* VC */,
			);
			path = Profile;
			sourceTree = "<group>";
		};
		02BB9E35943C0962BCDF7421 /* TextField */ = {
			isa = PBXGroup;
			children = (
				CA72DF96186CC09B8B01171B /* DailyTextField.swift */,
			);
			path = TextField;
			sourceTree = "<group>";
		};
		0A52FDB9A3752CC96800493C /* Main */ = {
			isa = PBXGroup;
			children = (
				16436A5595D07009EF63D2F3 /* Items */,
				D01AFE3F31A5B50B8D9BC203 /* TabBar */,
			);
			path = Main;
			sourceTree = "<group>";
		};
		0D513083B7F12C6DA6D1DCB8 /* Services */ = {
			isa = PBXGroup;
			children = (
				E1DFF7AC7A920575D41E50E2 /* Account */,
				D622A13A7C71B606193A3659 /* Auth */,
				926CFB350014F3D72E22420A /* Diary */,
			);
			path = Services;
			sourceTree = "<group>";
		};
		0DDA953DB8B9EA293DCE7EE8 /* VC */ = {
			isa = PBXGroup;
			children = (
				517485ECF222E05856BC39DC /* CarouselView.swift */,
				ED87BB4C1C4633A4106C73FB /* SeletThemeViewController.swift */,
			);
			path = VC;
			sourceTree = "<group>";
		};
		0F6684FB4509C3FDBF93309E /* Extension */ = {
			isa = PBXGroup;
			children = (
				0C18C33A2C3173B66C7E4537 /* Button.swift */,
				723C41F93E033BFAABCAB01E /* DailyCalender.swift */,
				24FE542FC0C3C3AD32AFCAED /* DailyColor.swift */,
				9E01E2014B2F448D31F4AE16 /* DailyKeychain.swift */,
				7613E67DB841A75A4075F4CF /* DailyLabel.swift */,
				4AA1BE3F3C3FBCE308D3C4DB /* DailyNavigation.swift */,
				159E6EE1B67593190AA2EFC9 /* DailyShadow.swift */,
				03C36085B09A07286B92865E /* TextField.swift */,
			);
			path = Extension;
			sourceTree = "<group>";
		};
		16436A5595D07009EF63D2F3 /* Items */ = {
			isa = PBXGroup;
			children = (
				B1FDE16182F588DC05C7FCBB /* MainFlow.swift */,
				1403CF8BA97065FFAEB71CAF /* ProfileFlow.swift */,
				DB6B509E8AFB8AE641211797 /* ThemeFlow.swift */,
			);
			path = Items;
			sourceTree = "<group>";
		};
		1BD45BCF0EA1BCEAF31F56E2 /* VC */ = {
			isa = PBXGroup;
			children = (
				DEBC81D02546DE54EA44A518 /* ProfileViewController.swift */,
			);
			path = VC;
			sourceTree = "<group>";
		};
		253DD9766443FCDDF7726992 /* Frameworks */ = {
			isa = PBXGroup;
			children = (
			);
			name = Frameworks;
			sourceTree = "<group>";
		};
		27D53B4466E3ABC4A21F9669 /* Step */ = {
			isa = PBXGroup;
			children = (
				FC057C128492F249CF21E001 /* DailyStep.swift */,
			);
			path = Step;
			sourceTree = "<group>";
		};
		284DF460267D169CFE42F01F /* Theme */ = {
			isa = PBXGroup;
			children = (
				0037BA419F526D94134F56E5 /* Reactor */,
				5FDEAB7804E95F05373D2CE5 /* VC */,
			);
			path = Theme;
			sourceTree = "<group>";
		};
		2BC118D503F611DDA0CBFF61 /* Diary */ = {
			isa = PBXGroup;
			children = (
				DADDBDEF89962846B13E91BC /* Reactor */,
				6083C3AE2CBA0106F8DE962B /* VC */,
			);
			path = Diary;
			sourceTree = "<group>";
		};
		2F029600C6EF4F45E634199B /* Flows */ = {
			isa = PBXGroup;
			children = (
				0A52FDB9A3752CC96800493C /* Main */,
				8DE7F77A01A54D5BEB82D939 /* LoginFlow.swift */,
			);
			path = Flows;
			sourceTree = "<group>";
		};
		30C3EC6C095C9AB03BF92C0E /* Utils */ = {
			isa = PBXGroup;
			children = (
				6A520538301C13CD112CDBD1 /* DesignSystem */,
				0F6684FB4509C3FDBF93309E /* Extension */,
			);
			path = Utils;
			sourceTree = "<group>";
		};
		39C19B34191310C59C1F3EB3 /* Home */ = {
			isa = PBXGroup;
			children = (
				87F62D7224C3F8D77BC0FE5D /* Reactor */,
				FE015F0A5F854A00559860D4 /* VC */,
			);
			path = Home;
			sourceTree = "<group>";
		};
		3BB678426DCE0E9C9EE35FBA /* Auth */ = {
			isa = PBXGroup;
			children = (
				76AEBD00DF82679D8E13F1DD /* SignInWithAppleModel.swift */,
			);
			path = Auth;
			sourceTree = "<group>";
		};
		49045322D3A18070F8FCE378 /* Sources */ = {
			isa = PBXGroup;
			children = (
				5FDCDB9FB8A175E6A0CB52D2 /* Application */,
				D2765104718CD819C2A03E93 /* Data */,
				F1FDED45FA11DE97851255FF /* Presentation */,
			);
			path = Sources;
			sourceTree = "<group>";
		};
		4B57A856C1607723AA86075E /* Diary */ = {
			isa = PBXGroup;
			children = (
				FAF998D3E1CB85699F4819DC /* WriteDiaryRequest.swift */,
			);
			path = Diary;
			sourceTree = "<group>";
		};
		4BB1F2EE0D0EBE7EB85AD2AE /* Reactor */ = {
			isa = PBXGroup;
			children = (
				372508B85DA90671607AA311 /* ProfileViewModel.swift */,
			);
			path = Reactor;
			sourceTree = "<group>";
		};
		52452C4E8AA7676EC888D762 /* Request */ = {
			isa = PBXGroup;
			children = (
				BC47CB3EE098C5D66B2A40EB /* Account */,
				4B57A856C1607723AA86075E /* Diary */,
			);
			path = Request;
			sourceTree = "<group>";
		};
		5A445B07E4FDDF0026A02012 /* VC */ = {
			isa = PBXGroup;
			children = (
				A7CCA2674189205F22F07061 /* OnBoardingViewController.swift */,
			);
			path = VC;
			sourceTree = "<group>";
		};
		5FDCDB9FB8A175E6A0CB52D2 /* Application */ = {
			isa = PBXGroup;
			children = (
				D79E4F5731C09FFBBACD35BD /* Flow */,
			);
			path = Application;
			sourceTree = "<group>";
		};
		5FDEAB7804E95F05373D2CE5 /* VC */ = {
			isa = PBXGroup;
			children = (
				52B72D0F483C6710F23AB70B /* ThemeViewController.swift */,
			);
			path = VC;
			sourceTree = "<group>";
		};
		6083C3AE2CBA0106F8DE962B /* VC */ = {
			isa = PBXGroup;
			children = (
				50797FBBEC981CDF285ED34D /* DiaryViewController.swift */,
			);
			path = VC;
			sourceTree = "<group>";
		};
		66E0A9B4DAA1BC882CCF5AD3 /* OnBoarding */ = {
			isa = PBXGroup;
			children = (
				7DA7F619EF8A98170168A75B /* Reactor */,
				5A445B07E4FDDF0026A02012 /* VC */,
			);
			path = OnBoarding;
			sourceTree = "<group>";
		};
		6A27944BEA1AE35ECCDFC248 /* Splash */ = {
			isa = PBXGroup;
			children = (
				F92C5ADB10F27E9FD7451C4D /* SplashViewController.swift */,
			);
			path = Splash;
			sourceTree = "<group>";
		};
		6A520538301C13CD112CDBD1 /* DesignSystem */ = {
			isa = PBXGroup;
			children = (
				784702E5F7F13F7217A6B65C /* Button */,
				02BB9E35943C0962BCDF7421 /* TextField */,
			);
			path = DesignSystem;
			sourceTree = "<group>";
		};
		784702E5F7F13F7217A6B65C /* Button */ = {
			isa = PBXGroup;
			children = (
				B033F59AE037C8A84FBDC915 /* DailyButton.swift */,
			);
			path = Button;
			sourceTree = "<group>";
		};
		7DA7F619EF8A98170168A75B /* Reactor */ = {
			isa = PBXGroup;
			children = (
				3A69B6776C444F00063BC00D /* OnBoardingReactor.swift */,
			);
			path = Reactor;
			sourceTree = "<group>";
		};
		7EAB52316D11B1EABB442002 /* Model */ = {
			isa = PBXGroup;
			children = (
				BC0CC447890584CDFA83B377 /* Account */,
				3BB678426DCE0E9C9EE35FBA /* Auth */,
			);
			path = Model;
			sourceTree = "<group>";
		};
		7F1983844583C84B63B3709C /* Cell */ = {
			isa = PBXGroup;
			children = (
				185AD60E6CB2818FFC0434F3 /* ProfileCollectionCell.swift */,
			);
			path = Cell;
			sourceTree = "<group>";
		};
		7F1E51F85354B9375BA0B4EE = {
			isa = PBXGroup;
			children = (
				774583202AAEAC5D00A7DA0B /* Daily.entitlements */,
				F64079BAE6C0CE82E6C9D3A3 /* Project */,
				253DD9766443FCDDF7726992 /* Frameworks */,
				B93FEC9B7E07899A92846908 /* Products */,
			);
			sourceTree = "<group>";
		};
		87F62D7224C3F8D77BC0FE5D /* Reactor */ = {
			isa = PBXGroup;
			children = (
				A7A60FCC1A211C55CE1AAF3D /* HomeReactor.swift */,
			);
			path = Reactor;
			sourceTree = "<group>";
		};
		8DC70DE67E30FD4BF6667C65 /* Scene */ = {
			isa = PBXGroup;
			children = (
				EC9AD4C5B03BC89EDC9422AC /* Auth */,
				9EA093182FE05B24D6BBAF35 /* Main */,
				6A27944BEA1AE35ECCDFC248 /* Splash */,
			);
			path = Scene;
			sourceTree = "<group>";
		};
		926CFB350014F3D72E22420A /* Diary */ = {
			isa = PBXGroup;
			children = (
				C6E886E3B0D097D503F8D46C /* DiaryServices.swift */,
			);
			path = Diary;
			sourceTree = "<group>";
		};
		9C41F64839C774E2653F3926 /* Base */ = {
			isa = PBXGroup;
			children = (
				D23B51E639CC25049DDD8D2B /* BaseViewController.swift */,
				2E6DB005517E31D0576CCB85 /* BaseViewModel.swift */,
			);
			path = Base;
			sourceTree = "<group>";
		};
		9EA093182FE05B24D6BBAF35 /* Main */ = {
			isa = PBXGroup;
			children = (
				2BC118D503F611DDA0CBFF61 /* Diary */,
				39C19B34191310C59C1F3EB3 /* Home */,
				009304C287E8940E86181DEF /* Profile */,
				E926012757B5B392A0E23BB4 /* TabBar */,
				284DF460267D169CFE42F01F /* Theme */,
			);
			path = Main;
			sourceTree = "<group>";
		};
		A2A63BBAF301C6C5EEA47DCB /* Daily */ = {
			isa = PBXGroup;
			children = (
				DEEBB42A4BF3F5C200418DBB /* Resources */,
				49045322D3A18070F8FCE378 /* Sources */,
				8BE91FA13FF4F0615B858F6B /* Info.plist */,
			);
			path = Daily;
			sourceTree = "<group>";
		};
		B93FEC9B7E07899A92846908 /* Products */ = {
			isa = PBXGroup;
			children = (
				34B4F90512BF917D01E27818 /* Daily.app */,
			);
			name = Products;
			sourceTree = "<group>";
		};
		BC0CC447890584CDFA83B377 /* Account */ = {
			isa = PBXGroup;
			children = (
				BFCB5F8F4115B208C9DF6641 /* ThemeCountModel.swift */,
				774583212AAED73700A7DA0B /* AccountSetInfoModel.swift */,
			);
			path = Account;
			sourceTree = "<group>";
		};
		BC47CB3EE098C5D66B2A40EB /* Account */ = {
			isa = PBXGroup;
			children = (
				C1B1573ED04078586896C692 /* ChoiceThemeRequest.swift */,
				D849385038CC481A806C8791 /* ThemeRequest.swift */,
			);
			path = Account;
			sourceTree = "<group>";
		};
		C961CB3BEFF346A5273F9D10 /* Sources */ = {
			isa = PBXGroup;
			children = (
				7E9E2452332D073464A62EA3 /* TuistBundle+Daily.swift */,
			);
			path = Sources;
			sourceTree = "<group>";
		};
		D01AFE3F31A5B50B8D9BC203 /* TabBar */ = {
			isa = PBXGroup;
			children = (
				691765455429189503736CAB /* TabBarFlow.swift */,
			);
			path = TabBar;
			sourceTree = "<group>";
		};
		D2765104718CD819C2A03E93 /* Data */ = {
			isa = PBXGroup;
			children = (
				D336B4688E345BF5846E00F6 /* General */,
				7EAB52316D11B1EABB442002 /* Model */,
				52452C4E8AA7676EC888D762 /* Request */,
				0D513083B7F12C6DA6D1DCB8 /* Services */,
			);
			path = Data;
			sourceTree = "<group>";
		};
		D336B4688E345BF5846E00F6 /* General */ = {
			isa = PBXGroup;
			children = (
				A7FCC0B9AC77F3B3797D6C85 /* BaseURL.swift */,
			);
			path = General;
			sourceTree = "<group>";
		};
		D622A13A7C71B606193A3659 /* Auth */ = {
			isa = PBXGroup;
			children = (
				8EA185EF9995B96FD3A0CF29 /* AuthServices.swift */,
			);
			path = Auth;
			sourceTree = "<group>";
		};
		D79E4F5731C09FFBBACD35BD /* Flow */ = {
			isa = PBXGroup;
			children = (
				2F029600C6EF4F45E634199B /* Flows */,
				27D53B4466E3ABC4A21F9669 /* Step */,
				3118197F6E1AD10FB65EA918 /* AppDelegate.swift */,
				85477FFC6164F75CBA4021DB /* AppFlow.swift */,
				7BDF702CDE698C974C9FB69D /* SceneDelegate.swift */,
			);
			path = Flow;
			sourceTree = "<group>";
		};
		DADDBDEF89962846B13E91BC /* Reactor */ = {
			isa = PBXGroup;
			children = (
				801692C7B4E6AD8DB593991A /* DiaryReactor.swift */,
			);
			path = Reactor;
			sourceTree = "<group>";
		};
		DEEBB42A4BF3F5C200418DBB /* Resources */ = {
			isa = PBXGroup;
			children = (
				8324D0DB7103DB159732C0D7 /* LaunchScreen.storyboard */,
				1FBA1ABED08AF315EBF6171B /* Assets.xcassets */,
			);
			path = Resources;
			sourceTree = "<group>";
		};
		E1DFF7AC7A920575D41E50E2 /* Account */ = {
			isa = PBXGroup;
			children = (
				84EF7EF34450A3B39DDAD783 /* AccountServices.swift */,
			);
			path = Account;
			sourceTree = "<group>";
		};
		E926012757B5B392A0E23BB4 /* TabBar */ = {
			isa = PBXGroup;
			children = (
				E2FCC1C09B8122D1AB4E5F20 /* DailyTabBar.swift */,
			);
			path = TabBar;
			sourceTree = "<group>";
		};
		EA904FCC21004ECCF6A2068E /* Derived */ = {
			isa = PBXGroup;
			children = (
				C961CB3BEFF346A5273F9D10 /* Sources */,
			);
			path = Derived;
			sourceTree = "<group>";
		};
		EB549F0BECC74E18E5D60A31 /* SelectTheme */ = {
			isa = PBXGroup;
			children = (
				F3A2F89CFF1C009C8FB10FE9 /* Cell */,
				EBDBEBCA1FF5109B9424B009 /* Reactor */,
				0DDA953DB8B9EA293DCE7EE8 /* VC */,
			);
			path = SelectTheme;
			sourceTree = "<group>";
		};
		EBDBEBCA1FF5109B9424B009 /* Reactor */ = {
			isa = PBXGroup;
			children = (
				92CBC73FBF62BA7B7F9C0B20 /* SelectThemeReactor.swift */,
			);
			path = Reactor;
			sourceTree = "<group>";
		};
		EC9AD4C5B03BC89EDC9422AC /* Auth */ = {
			isa = PBXGroup;
			children = (
				66E0A9B4DAA1BC882CCF5AD3 /* OnBoarding */,
				EB549F0BECC74E18E5D60A31 /* SelectTheme */,
			);
			path = Auth;
			sourceTree = "<group>";
		};
		F1FDED45FA11DE97851255FF /* Presentation */ = {
			isa = PBXGroup;
			children = (
				9C41F64839C774E2653F3926 /* Base */,
				8DC70DE67E30FD4BF6667C65 /* Scene */,
				30C3EC6C095C9AB03BF92C0E /* Utils */,
			);
			path = Presentation;
			sourceTree = "<group>";
		};
		F3A2F89CFF1C009C8FB10FE9 /* Cell */ = {
			isa = PBXGroup;
			children = (
				D051FBF71347C271B5208C08 /* SelectThemeCell.swift */,
			);
			path = Cell;
			sourceTree = "<group>";
		};
		F64079BAE6C0CE82E6C9D3A3 /* Project */ = {
			isa = PBXGroup;
			children = (
				A2A63BBAF301C6C5EEA47DCB /* Daily */,
				EA904FCC21004ECCF6A2068E /* Derived */,
			);
			name = Project;
			sourceTree = "<group>";
		};
		FE015F0A5F854A00559860D4 /* VC */ = {
			isa = PBXGroup;
			children = (
				95CC6DC6367E4933A486E223 /* HomeViewController.swift */,
			);
			path = VC;
			sourceTree = "<group>";
		};
/* End PBXGroup section */

/* Begin PBXNativeTarget section */
		CE715FA2773048DAE25E7252 /* Daily */ = {
			isa = PBXNativeTarget;
			buildConfigurationList = 410AFE56BAD5DEE44DA90776 /* Build configuration list for PBXNativeTarget "Daily" */;
			buildPhases = (
				70C823522867D176CB19FA6F /* Sources */,
				29512F8D76FA919807DA0324 /* Resources */,
				DCA3E913CC39D45E9931C14C /* Embed Frameworks */,
				F2C1EA614C355B5520CB92AB /* Frameworks */,
			);
			buildRules = (
			);
			dependencies = (
			);
			name = Daily;
			packageProductDependencies = (
				9AE731B5115163D71F930804 /* RxFlow */,
				255BCA0FD915A2805B951C2A /* RxSwift */,
				D11761700097E8119C86D39D /* RxCocoa */,
				66D08F3741D6118D193CE504 /* SnapKit */,
				0EE2BFB6B1FFC4DD59F77760 /* Then */,
				7B0E7E4FD34A5E2006417002 /* Moya */,
				100E0E2FD6BCA0172A174941 /* Kingfisher */,
				FD998E7EB432C259C47421AB /* ReactorKit */,
				A55F0EF0AE24D58962844ED8 /* ViewAnimator */,
				51B01435703480FC39DE3E9C /* FSCalendar */,
				7B980D196817B225807FC212 /* Gifu */,
				C7591A3CDDC1B7C10E1645F1 /* DPOTPView */,
			);
			productName = Daily;
			productReference = 34B4F90512BF917D01E27818 /* Daily.app */;
			productType = "com.apple.product-type.application";
		};
/* End PBXNativeTarget section */

/* Begin PBXProject section */
		1E8050E2EBF4B3BCFF5AF9D5 /* Project object */ = {
			isa = PBXProject;
			attributes = {
				BuildIndependentTargetsInParallel = YES;
				ORGANIZATIONNAME = Daily;
			};
			buildConfigurationList = A44BFB2ED6C04BB88C116CC5 /* Build configuration list for PBXProject "Daily" */;
			compatibilityVersion = "Xcode 13.0";
			developmentRegion = en;
			hasScannedForEncodings = 0;
			knownRegions = (
				Base,
				en,
			);
			mainGroup = 7F1E51F85354B9375BA0B4EE;
			packageReferences = (
				F568D5F7AC382FF22F1732AC /* XCRemoteSwiftPackageReference "DPOTPView" */,
				881177A00BFDD1841E3BFCAA /* XCRemoteSwiftPackageReference "Moya" */,
				475B9453EB5FEBE53AF5D9A6 /* XCRemoteSwiftPackageReference "RxSwift" */,
				0726E4744DD128002FB13089 /* XCRemoteSwiftPackageReference "ReactorKit" */,
				8C24D5EF689C10D45D45312F /* XCRemoteSwiftPackageReference "RxFlow" */,
				912944AECAE24E8FF3AE31DF /* XCRemoteSwiftPackageReference "SnapKit" */,
				FB6CD075535AD213166EEE2A /* XCRemoteSwiftPackageReference "FSCalendar" */,
				EF844B7385BEA201EAD5E96F /* XCRemoteSwiftPackageReference "Then" */,
				76CE169ADBADA8C2967EACD0 /* XCRemoteSwiftPackageReference "Gifu" */,
				AAC6C13F1F6A70D346B2DF15 /* XCRemoteSwiftPackageReference "ViewAnimator" */,
				BAA72EE2A3969BEF86ED86A8 /* XCRemoteSwiftPackageReference "Kingfisher" */,
			);
			productRefGroup = B93FEC9B7E07899A92846908 /* Products */;
			projectDirPath = "";
			projectRoot = "";
			targets = (
				CE715FA2773048DAE25E7252 /* Daily */,
			);
		};
/* End PBXProject section */

/* Begin PBXResourcesBuildPhase section */
		29512F8D76FA919807DA0324 /* Resources */ = {
			isa = PBXResourcesBuildPhase;
			buildActionMask = 2147483647;
			files = (
				B7C61BB5F8A714D3ACB8753A /* Assets.xcassets in Resources */,
				04DE32C746A197AEB7877C3D /* LaunchScreen.storyboard in Resources */,
			);
			runOnlyForDeploymentPostprocessing = 0;
		};
/* End PBXResourcesBuildPhase section */

/* Begin PBXSourcesBuildPhase section */
		70C823522867D176CB19FA6F /* Sources */ = {
			isa = PBXSourcesBuildPhase;
			buildActionMask = 2147483647;
			files = (
				774583222AAED73700A7DA0B /* AccountSetInfoModel.swift in Sources */,
				A724FB31F26D80030ADA7A57 /* AppDelegate.swift in Sources */,
				989F8E60271907C3692AB6F6 /* AppFlow.swift in Sources */,
				842BFE42EBAEB7F3037589D1 /* LoginFlow.swift in Sources */,
				12D12D45A29ACEC07E085197 /* MainFlow.swift in Sources */,
				C985F4CC767345BBE9694346 /* ProfileFlow.swift in Sources */,
				770B75C653CDD09B55534979 /* ThemeFlow.swift in Sources */,
				2E592C2094EDCD847E834EBB /* TabBarFlow.swift in Sources */,
				51C543B22AD9756D0E2BBF2E /* SceneDelegate.swift in Sources */,
				B07B5846C81EB0FCE7EAD133 /* DailyStep.swift in Sources */,
				687D364044989AFA73626E77 /* BaseURL.swift in Sources */,
				BEA1C7183C42C34574E46D95 /* ThemeCountModel.swift in Sources */,
				CB474453BC1FA453AD063427 /* SignInWithAppleModel.swift in Sources */,
				12B50F16246ED1737C807036 /* ChoiceThemeRequest.swift in Sources */,
				3071982F84D51544109B3D13 /* ThemeRequest.swift in Sources */,
				1E546479FE8369BF32FDF0F3 /* WriteDiaryRequest.swift in Sources */,
				AF5A38F0A233372013DB1F11 /* AccountServices.swift in Sources */,
				AE767DF37DCD34564B8C2789 /* AuthServices.swift in Sources */,
				D1323610636367664A722702 /* DiaryServices.swift in Sources */,
				27A338BB3CF1030276044663 /* BaseViewController.swift in Sources */,
				803DECD4BF43A9F4C8008A10 /* BaseViewModel.swift in Sources */,
				4797DBC2FDBB7794AC8ABF7C /* OnBoardingReactor.swift in Sources */,
				41DC51C5016C0264164861F8 /* OnBoardingViewController.swift in Sources */,
				6FAED19DB17CC8A580DDAB18 /* SelectThemeCell.swift in Sources */,
				42014340486942BB4AAA6E6D /* SelectThemeReactor.swift in Sources */,
				EAFFFF89A05442D0A9FB55CD /* CarouselView.swift in Sources */,
				EC9269C6F36A1561D1A7C011 /* SeletThemeViewController.swift in Sources */,
				761B5290D02DFB391BF44F6D /* DiaryReactor.swift in Sources */,
				A0B9F58929C2A59DB2B3983C /* DiaryViewController.swift in Sources */,
				DC63607FA6387854D56C49E8 /* HomeReactor.swift in Sources */,
				E32E6BD16E2E443806A7877C /* HomeViewController.swift in Sources */,
				C3B145050924810F0BCDEEF9 /* ProfileCollectionCell.swift in Sources */,
				1C671F513A7CAB6507960D41 /* ProfileViewModel.swift in Sources */,
				A65FCD0B212AFC0BF70AA0B0 /* ProfileViewController.swift in Sources */,
				B3DFF1102B0A426EB2F483B2 /* DailyTabBar.swift in Sources */,
				89108FC833CD38A5BD9EB926 /* ThemeReactor.swift in Sources */,
				F821321777B08259B47B26B0 /* ThemeViewController.swift in Sources */,
				340D590100F51E55ACE1A938 /* SplashViewController.swift in Sources */,
				9047D3D8CF023128BD90E307 /* DailyButton.swift in Sources */,
				ACCF94C2135D0E2F04218820 /* DailyTextField.swift in Sources */,
				9B7509B47F6EC65F46F35260 /* Button.swift in Sources */,
				10DA4DE16AD7091C2FD6B00B /* DailyCalender.swift in Sources */,
				C993B6C8FA9E8239ED72639B /* DailyColor.swift in Sources */,
				DD13DE036C2016F453C5773D /* DailyKeychain.swift in Sources */,
				EE74E4A783C093551488CA13 /* DailyLabel.swift in Sources */,
				8EC23D2BAE5ED0202C8333AD /* DailyNavigation.swift in Sources */,
				775B90D7A88E41AE0B8CCC5A /* DailyShadow.swift in Sources */,
				3F94CEFBD2B923E3F9D9B367 /* TextField.swift in Sources */,
				B2125E987F915838726DE7A2 /* TuistBundle+Daily.swift in Sources */,
			);
			runOnlyForDeploymentPostprocessing = 0;
		};
/* End PBXSourcesBuildPhase section */

/* Begin PBXVariantGroup section */
		8324D0DB7103DB159732C0D7 /* LaunchScreen.storyboard */ = {
			isa = PBXVariantGroup;
			children = (
				587AC24D73A0FB2DFCCC61E5 /* Base */,
			);
			name = LaunchScreen.storyboard;
			sourceTree = "<group>";
		};
/* End PBXVariantGroup section */

/* Begin XCBuildConfiguration section */
		00CE66CC6ED41BE4C1025A1E /* Release */ = {
			isa = XCBuildConfiguration;
			buildSettings = {
				ASSETCATALOG_COMPILER_APPICON_NAME = AppIcon;
				CODE_SIGN_ENTITLEMENTS = Daily/Daily.entitlements;
				CODE_SIGN_IDENTITY = "iPhone Developer";
				DEVELOPMENT_TEAM = 5GD5Q99952;
				ENABLE_PREVIEWS = YES;
				INFOPLIST_FILE = Daily/Info.plist;
				IPHONEOS_DEPLOYMENT_TARGET = 15.0;
				LD_RUNPATH_SEARCH_PATHS = (
					"$(inherited)",
					"@executable_path/Frameworks",
				);
				PRODUCT_BUNDLE_IDENTIFIER = Minjae.daily;
				PRODUCT_NAME = Daily;
				SDKROOT = iphoneos;
				SUPPORTS_MACCATALYST = NO;
				SUPPORTS_MAC_DESIGNED_FOR_IPHONE_IPAD = YES;
				SUPPORTS_XR_DESIGNED_FOR_IPHONE_IPAD = NO;
				SWIFT_COMPILATION_MODE = wholemodule;
				SWIFT_OPTIMIZATION_LEVEL = "-Owholemodule";
				SWIFT_VERSION = 5.0;
				TARGETED_DEVICE_FAMILY = "1,2";
			};
			name = Release;
		};
		9223AAC982552A1D3D92EB67 /* Release */ = {
			isa = XCBuildConfiguration;
			buildSettings = {
				ALWAYS_SEARCH_USER_PATHS = NO;
				CLANG_ANALYZER_LOCALIZABILITY_NONLOCALIZED = YES;
				CLANG_ANALYZER_NONNULL = YES;
				CLANG_ANALYZER_NUMBER_OBJECT_CONVERSION = YES_AGGRESSIVE;
				CLANG_CXX_LANGUAGE_STANDARD = "gnu++14";
				CLANG_CXX_LIBRARY = "libc++";
				CLANG_ENABLE_MODULES = YES;
				CLANG_ENABLE_OBJC_ARC = YES;
				CLANG_ENABLE_OBJC_WEAK = YES;
				CLANG_WARN_BLOCK_CAPTURE_AUTORELEASING = YES;
				CLANG_WARN_BOOL_CONVERSION = YES;
				CLANG_WARN_COMMA = YES;
				CLANG_WARN_CONSTANT_CONVERSION = YES;
				CLANG_WARN_DEPRECATED_OBJC_IMPLEMENTATIONS = YES;
				CLANG_WARN_DIRECT_OBJC_ISA_USAGE = YES_ERROR;
				CLANG_WARN_DOCUMENTATION_COMMENTS = YES;
				CLANG_WARN_EMPTY_BODY = YES;
				CLANG_WARN_ENUM_CONVERSION = YES;
				CLANG_WARN_INFINITE_RECURSION = YES;
				CLANG_WARN_INT_CONVERSION = YES;
				CLANG_WARN_NON_LITERAL_NULL_CONVERSION = YES;
				CLANG_WARN_OBJC_IMPLICIT_RETAIN_SELF = YES;
				CLANG_WARN_OBJC_LITERAL_CONVERSION = YES;
				CLANG_WARN_OBJC_ROOT_CLASS = YES_ERROR;
				CLANG_WARN_QUOTED_INCLUDE_IN_FRAMEWORK_HEADER = YES;
				CLANG_WARN_RANGE_LOOP_ANALYSIS = YES;
				CLANG_WARN_STRICT_PROTOTYPES = YES;
				CLANG_WARN_SUSPICIOUS_MOVE = YES;
				CLANG_WARN_UNGUARDED_AVAILABILITY = YES_AGGRESSIVE;
				CLANG_WARN_UNREACHABLE_CODE = YES;
				CLANG_WARN__DUPLICATE_METHOD_MATCH = YES;
				COPY_PHASE_STRIP = NO;
				DEAD_CODE_STRIPPING = YES;
				DEBUG_INFORMATION_FORMAT = "dwarf-with-dsym";
				ENABLE_NS_ASSERTIONS = NO;
				ENABLE_STRICT_OBJC_MSGSEND = YES;
				GCC_C_LANGUAGE_STANDARD = gnu11;
				GCC_NO_COMMON_BLOCKS = YES;
				GCC_WARN_64_TO_32_BIT_CONVERSION = YES;
				GCC_WARN_ABOUT_RETURN_TYPE = YES_ERROR;
				GCC_WARN_UNDECLARED_SELECTOR = YES;
				GCC_WARN_UNINITIALIZED_AUTOS = YES_AGGRESSIVE;
				GCC_WARN_UNUSED_FUNCTION = YES;
				GCC_WARN_UNUSED_VARIABLE = YES;
				MTL_ENABLE_DEBUG_INFO = NO;
				PRODUCT_NAME = "$(TARGET_NAME)";
				VALIDATE_PRODUCT = YES;
			};
			name = Release;
		};
		F1F79BEF58FB6054378B374D /* Debug */ = {
			isa = XCBuildConfiguration;
			buildSettings = {
				ALWAYS_SEARCH_USER_PATHS = NO;
				CLANG_ANALYZER_LOCALIZABILITY_NONLOCALIZED = YES;
				CLANG_ANALYZER_NONNULL = YES;
				CLANG_ANALYZER_NUMBER_OBJECT_CONVERSION = YES_AGGRESSIVE;
				CLANG_CXX_LANGUAGE_STANDARD = "gnu++14";
				CLANG_CXX_LIBRARY = "libc++";
				CLANG_ENABLE_MODULES = YES;
				CLANG_ENABLE_OBJC_ARC = YES;
				CLANG_ENABLE_OBJC_WEAK = YES;
				CLANG_WARN_BLOCK_CAPTURE_AUTORELEASING = YES;
				CLANG_WARN_BOOL_CONVERSION = YES;
				CLANG_WARN_COMMA = YES;
				CLANG_WARN_CONSTANT_CONVERSION = YES;
				CLANG_WARN_DEPRECATED_OBJC_IMPLEMENTATIONS = YES;
				CLANG_WARN_DIRECT_OBJC_ISA_USAGE = YES_ERROR;
				CLANG_WARN_DOCUMENTATION_COMMENTS = YES;
				CLANG_WARN_EMPTY_BODY = YES;
				CLANG_WARN_ENUM_CONVERSION = YES;
				CLANG_WARN_INFINITE_RECURSION = YES;
				CLANG_WARN_INT_CONVERSION = YES;
				CLANG_WARN_NON_LITERAL_NULL_CONVERSION = YES;
				CLANG_WARN_OBJC_IMPLICIT_RETAIN_SELF = YES;
				CLANG_WARN_OBJC_LITERAL_CONVERSION = YES;
				CLANG_WARN_OBJC_ROOT_CLASS = YES_ERROR;
				CLANG_WARN_QUOTED_INCLUDE_IN_FRAMEWORK_HEADER = YES;
				CLANG_WARN_RANGE_LOOP_ANALYSIS = YES;
				CLANG_WARN_STRICT_PROTOTYPES = YES;
				CLANG_WARN_SUSPICIOUS_MOVE = YES;
				CLANG_WARN_UNGUARDED_AVAILABILITY = YES_AGGRESSIVE;
				CLANG_WARN_UNREACHABLE_CODE = YES;
				CLANG_WARN__DUPLICATE_METHOD_MATCH = YES;
				COPY_PHASE_STRIP = NO;
				DEAD_CODE_STRIPPING = YES;
				DEBUG_INFORMATION_FORMAT = dwarf;
				ENABLE_STRICT_OBJC_MSGSEND = YES;
				ENABLE_TESTABILITY = YES;
				GCC_C_LANGUAGE_STANDARD = gnu11;
				GCC_DYNAMIC_NO_PIC = NO;
				GCC_NO_COMMON_BLOCKS = YES;
				GCC_OPTIMIZATION_LEVEL = 0;
				GCC_PREPROCESSOR_DEFINITIONS = (
					"DEBUG=1",
					"$(inherited)",
				);
				GCC_WARN_64_TO_32_BIT_CONVERSION = YES;
				GCC_WARN_ABOUT_RETURN_TYPE = YES_ERROR;
				GCC_WARN_UNDECLARED_SELECTOR = YES;
				GCC_WARN_UNINITIALIZED_AUTOS = YES_AGGRESSIVE;
				GCC_WARN_UNUSED_FUNCTION = YES;
				GCC_WARN_UNUSED_VARIABLE = YES;
				MTL_ENABLE_DEBUG_INFO = YES;
				ONLY_ACTIVE_ARCH = YES;
				PRODUCT_NAME = "$(TARGET_NAME)";
			};
			name = Debug;
		};
		F6BF9F57701F94DCE35133BE /* Debug */ = {
			isa = XCBuildConfiguration;
			buildSettings = {
				ASSETCATALOG_COMPILER_APPICON_NAME = AppIcon;
				CODE_SIGN_ENTITLEMENTS = Daily/Daily.entitlements;
				CODE_SIGN_IDENTITY = "iPhone Developer";
				DEVELOPMENT_TEAM = 5GD5Q99952;
				ENABLE_PREVIEWS = YES;
				INFOPLIST_FILE = Daily/Info.plist;
				IPHONEOS_DEPLOYMENT_TARGET = 15.0;
				LD_RUNPATH_SEARCH_PATHS = (
					"$(inherited)",
					"@executable_path/Frameworks",
				);
				PRODUCT_BUNDLE_IDENTIFIER = Minjae.daily;
				PRODUCT_NAME = Daily;
				SDKROOT = iphoneos;
				SUPPORTS_MACCATALYST = NO;
				SUPPORTS_MAC_DESIGNED_FOR_IPHONE_IPAD = YES;
				SUPPORTS_XR_DESIGNED_FOR_IPHONE_IPAD = NO;
				SWIFT_ACTIVE_COMPILATION_CONDITIONS = DEBUG;
				SWIFT_COMPILATION_MODE = singlefile;
				SWIFT_OPTIMIZATION_LEVEL = "-Onone";
				SWIFT_VERSION = 5.0;
				TARGETED_DEVICE_FAMILY = "1,2";
			};
			name = Debug;
		};
/* End XCBuildConfiguration section */

/* Begin XCConfigurationList section */
		410AFE56BAD5DEE44DA90776 /* Build configuration list for PBXNativeTarget "Daily" */ = {
			isa = XCConfigurationList;
			buildConfigurations = (
				F6BF9F57701F94DCE35133BE /* Debug */,
				00CE66CC6ED41BE4C1025A1E /* Release */,
			);
			defaultConfigurationIsVisible = 0;
			defaultConfigurationName = Release;
		};
		A44BFB2ED6C04BB88C116CC5 /* Build configuration list for PBXProject "Daily" */ = {
			isa = XCConfigurationList;
			buildConfigurations = (
				F1F79BEF58FB6054378B374D /* Debug */,
				9223AAC982552A1D3D92EB67 /* Release */,
			);
			defaultConfigurationIsVisible = 0;
			defaultConfigurationName = Release;
		};
/* End XCConfigurationList section */

/* Begin XCRemoteSwiftPackageReference section */
		0726E4744DD128002FB13089 /* XCRemoteSwiftPackageReference "ReactorKit" */ = {
			isa = XCRemoteSwiftPackageReference;
			repositoryURL = "https://github.com/ReactorKit/ReactorKit.git";
			requirement = {
				kind = upToNextMajorVersion;
				minimumVersion = 3.2.0;
			};
		};
		475B9453EB5FEBE53AF5D9A6 /* XCRemoteSwiftPackageReference "RxSwift" */ = {
			isa = XCRemoteSwiftPackageReference;
			repositoryURL = "https://github.com/ReactiveX/RxSwift.git";
			requirement = {
				kind = upToNextMajorVersion;
				minimumVersion = 6.6.0;
			};
		};
		76CE169ADBADA8C2967EACD0 /* XCRemoteSwiftPackageReference "Gifu" */ = {
			isa = XCRemoteSwiftPackageReference;
			repositoryURL = "https://github.com/kaishin/Gifu.git";
			requirement = {
				kind = upToNextMajorVersion;
				minimumVersion = 3.2.2;
			};
		};
		881177A00BFDD1841E3BFCAA /* XCRemoteSwiftPackageReference "Moya" */ = {
			isa = XCRemoteSwiftPackageReference;
			repositoryURL = "https://github.com/Moya/Moya.git";
			requirement = {
				kind = upToNextMajorVersion;
				minimumVersion = 15.0.0;
			};
		};
		8C24D5EF689C10D45D45312F /* XCRemoteSwiftPackageReference "RxFlow" */ = {
			isa = XCRemoteSwiftPackageReference;
			repositoryURL = "https://github.com/RxSwiftCommunity/RxFlow.git";
			requirement = {
				kind = upToNextMajorVersion;
				minimumVersion = 2.10.0;
			};
		};
		912944AECAE24E8FF3AE31DF /* XCRemoteSwiftPackageReference "SnapKit" */ = {
			isa = XCRemoteSwiftPackageReference;
			repositoryURL = "https://github.com/SnapKit/SnapKit.git";
			requirement = {
				kind = upToNextMajorVersion;
				minimumVersion = 5.0.1;
			};
		};
		AAC6C13F1F6A70D346B2DF15 /* XCRemoteSwiftPackageReference "ViewAnimator" */ = {
			isa = XCRemoteSwiftPackageReference;
			repositoryURL = "https://github.com/marcosgriselli/ViewAnimator.git";
			requirement = {
				kind = upToNextMajorVersion;
				minimumVersion = 3.1.0;
			};
		};
		BAA72EE2A3969BEF86ED86A8 /* XCRemoteSwiftPackageReference "Kingfisher" */ = {
			isa = XCRemoteSwiftPackageReference;
			repositoryURL = "https://github.com/onevcat/Kingfisher.git";
			requirement = {
				kind = upToNextMajorVersion;
				minimumVersion = 7.0.0;
			};
		};
		EF844B7385BEA201EAD5E96F /* XCRemoteSwiftPackageReference "Then" */ = {
			isa = XCRemoteSwiftPackageReference;
			repositoryURL = "https://github.com/devxoul/Then";
			requirement = {
				kind = upToNextMajorVersion;
				minimumVersion = 2.0.0;
			};
		};
		F568D5F7AC382FF22F1732AC /* XCRemoteSwiftPackageReference "DPOTPView" */ = {
			isa = XCRemoteSwiftPackageReference;
			repositoryURL = "https://github.com/Datt1994/DPOTPView.git";
			requirement = {
				kind = exactVersion;
				version = 1.5.12;
			};
		};
		FB6CD075535AD213166EEE2A /* XCRemoteSwiftPackageReference "FSCalendar" */ = {
			isa = XCRemoteSwiftPackageReference;
			repositoryURL = "https://github.com/WenchaoD/FSCalendar.git";
			requirement = {
				kind = upToNextMajorVersion;
				minimumVersion = 2.8.3;
			};
		};
/* End XCRemoteSwiftPackageReference section */

/* Begin XCSwiftPackageProductDependency section */
		0EE2BFB6B1FFC4DD59F77760 /* Then */ = {
			isa = XCSwiftPackageProductDependency;
			productName = Then;
		};
		100E0E2FD6BCA0172A174941 /* Kingfisher */ = {
			isa = XCSwiftPackageProductDependency;
			productName = Kingfisher;
		};
		255BCA0FD915A2805B951C2A /* RxSwift */ = {
			isa = XCSwiftPackageProductDependency;
			productName = RxSwift;
		};
		51B01435703480FC39DE3E9C /* FSCalendar */ = {
			isa = XCSwiftPackageProductDependency;
			productName = FSCalendar;
		};
		66D08F3741D6118D193CE504 /* SnapKit */ = {
			isa = XCSwiftPackageProductDependency;
			productName = SnapKit;
		};
		7B0E7E4FD34A5E2006417002 /* Moya */ = {
			isa = XCSwiftPackageProductDependency;
			productName = Moya;
		};
		7B980D196817B225807FC212 /* Gifu */ = {
			isa = XCSwiftPackageProductDependency;
			productName = Gifu;
		};
		9AE731B5115163D71F930804 /* RxFlow */ = {
			isa = XCSwiftPackageProductDependency;
			productName = RxFlow;
		};
		A55F0EF0AE24D58962844ED8 /* ViewAnimator */ = {
			isa = XCSwiftPackageProductDependency;
			productName = ViewAnimator;
		};
		C7591A3CDDC1B7C10E1645F1 /* DPOTPView */ = {
			isa = XCSwiftPackageProductDependency;
			productName = DPOTPView;
		};
		D11761700097E8119C86D39D /* RxCocoa */ = {
			isa = XCSwiftPackageProductDependency;
			productName = RxCocoa;
		};
		FD998E7EB432C259C47421AB /* ReactorKit */ = {
			isa = XCSwiftPackageProductDependency;
			productName = ReactorKit;
		};
/* End XCSwiftPackageProductDependency section */
	};
	rootObject = 1E8050E2EBF4B3BCFF5AF9D5 /* Project object */;
}
